
Microsoft Visual Studio Solution File, Format Version 12.00
# Visual Studio Version 17
VisualStudioVersion = 17.12.35209.166
MinimumVisualStudioVersion = 10.0.40219.1
Project("{2150E333-8FDC-42A3-9474-1A3956D46DE8}") = "Backend", "Backend", "{CC1CA25E-C310-402D-8063-E90E2E7DA758}"
EndProject
Project("{2150E333-8FDC-42A3-9474-1A3956D46DE8}") = "Commons", "Commons", "{A87604F9-1030-4476-B001-1E502CB636D4}"
EndProject
Project("{2150E333-8FDC-42A3-9474-1A3956D46DE8}") = "Solution Items", "Solution Items", "{DA793FC0-5120-4A65-B10E-DD24F811E529}"
	ProjectSection(SolutionItems) = preProject
		.csharpierrc.json = .csharpierrc.json
		.editorconfig = .editorconfig
	EndProjectSection
EndProject
Project("{2150E333-8FDC-42A3-9474-1A3956D46DE8}") = "FileService", "FileService", "{727687B7-471E-4BCE-88FC-A73F8886859A}"
EndProject
Project("{2150E333-8FDC-42A3-9474-1A3956D46DE8}") = "Frontend", "Frontend", "{6356446E-D4F5-42DE-BD9A-EC8B2605FEBC}"
EndProject
Project("{2150E333-8FDC-42A3-9474-1A3956D46DE8}") = "WinUI", "WinUI", "{5CC04FEE-5028-4B56-B5BA-CAAD9DBDE5E8}"
EndProject
Project("{2150E333-8FDC-42A3-9474-1A3956D46DE8}") = "Blazor", "Blazor", "{EF764832-D3D6-4CD6-BDFF-D80A0046F63C}"
EndProject
Project("{FAE04EC0-301F-11D3-BF4B-00C04F79EFBC}") = "ASPNETCore", "Backend\ASPNETCore\ASPNETCore.csproj", "{C4FCAE10-C918-49E8-B37A-F65FB8301688}"
EndProject
Project("{FAE04EC0-301F-11D3-BF4B-00C04F79EFBC}") = "DomainCommons", "Backend\DomainCommons\DomainCommons.csproj", "{64BE93B2-653F-4512-8FE8-24E5A9449F06}"
EndProject
Project("{FAE04EC0-301F-11D3-BF4B-00C04F79EFBC}") = "EventBus", "Backend\EventBus\EventBus.csproj", "{A5BD87A7-1071-436C-B711-A2D975BD519A}"
EndProject
Project("{FAE04EC0-301F-11D3-BF4B-00C04F79EFBC}") = "JWT", "Backend\JWT\JWT.csproj", "{EC7478CD-F574-4AE3-82F8-73E8B49F99C8}"
EndProject
Project("{FAE04EC0-301F-11D3-BF4B-00C04F79EFBC}") = "Initializer", "Backend\Initializer\Initializer.csproj", "{09EED26F-39E2-483F-A46B-31486978D475}"
EndProject
Project("{FAE04EC0-301F-11D3-BF4B-00C04F79EFBC}") = "Infrastructure", "Backend\Infrastructure\Infrastructure.csproj", "{C7D54200-949E-4F0F-B415-9106FDF7F410}"
EndProject
Project("{2150E333-8FDC-42A3-9474-1A3956D46DE8}") = "WPF", "WPF", "{80110C61-866D-40A8-B12E-9F038CECF77A}"
EndProject
Project("{FAE04EC0-301F-11D3-BF4B-00C04F79EFBC}") = "Elara.wpf", "Frontend\WPF\Elara.wpf\Elara.wpf.csproj", "{044B3A91-2C03-44B4-AD75-A7B4C0A64357}"
EndProject
Project("{FAE04EC0-301F-11D3-BF4B-00C04F79EFBC}") = "Commons", "Commons\Commons.csproj", "{93C56410-69B4-406E-86CE-24FC40D46214}"
EndProject
Project("{FAE04EC0-301F-11D3-BF4B-00C04F79EFBC}") = "Elara.wpf.Controls", "Frontend\WPF\Elara.wpf.Controls\Elara.wpf.Controls.csproj", "{6D84A281-5F6D-4545-985D-12E6A3E51695}"
EndProject
Project("{FAE04EC0-301F-11D3-BF4B-00C04F79EFBC}") = "Resources", "Frontend\Resources\Resources.csproj", "{8A99142A-EE5B-4B25-9AAD-A1E175D5CB4A}"
EndProject
Project("{FAE04EC0-301F-11D3-BF4B-00C04F79EFBC}") = "FileService.Domain", "Backend\FileService.Domain\FileService.Domain.csproj", "{F3001F14-52D7-4B88-AFBD-DF9A72E21CB1}"
EndProject
Project("{FAE04EC0-301F-11D3-BF4B-00C04F79EFBC}") = "FileService.Infrastructure", "Backend\FileService.Infrastructure\FileService.Infrastructure.csproj", "{B6982CF9-00B2-4E75-8766-92B1B4AF1990}"
EndProject
Project("{FAE04EC0-301F-11D3-BF4B-00C04F79EFBC}") = "FileService.WebAPI", "Backend\FileService.WebAPI\FileService.WebAPI.csproj", "{B868CC91-BE1B-4ED5-83FA-A5220EC3DBC1}"
EndProject
Project("{2150E333-8FDC-42A3-9474-1A3956D46DE8}") = "IdentityService", "IdentityService", "{02EA681E-C7D8-13C7-8484-4AC65E1B71E8}"
EndProject
Project("{FAE04EC0-301F-11D3-BF4B-00C04F79EFBC}") = "IdentityService.Domain", "Backend\IdentityService.Domain\IdentityService.Domain.csproj", "{98DC43F2-D395-4AE8-9F41-4A4651E7222F}"
EndProject
Project("{FAE04EC0-301F-11D3-BF4B-00C04F79EFBC}") = "IdentityService.Infrastructure", "Backend\IdentityService.Infrastructure\IdentityService.Infrastructure.csproj", "{12C032C2-3B42-4851-9F38-6615ED5115D7}"
EndProject
Project("{FAE04EC0-301F-11D3-BF4B-00C04F79EFBC}") = "IdentityService.WebAPI", "Backend\IdentityService.WebAPI\IdentityService.WebAPI.csproj", "{708F0FEE-CD87-4D97-B622-58DACC96A240}"
EndProject
Project("{FAE04EC0-301F-11D3-BF4B-00C04F79EFBC}") = "IdentityService.Tests", "Backend\IdentityService.Tests\IdentityService.Tests.csproj", "{2293ECEB-5FF7-4943-B996-F74D2E769EF5}"
EndProject
Project("{2150E333-8FDC-42A3-9474-1A3956D46DE8}") = "WorkspaceService", "WorkspaceService", "{7AFDC949-547D-4EA3-B10F-AD6AF11587F3}"
EndProject
Project("{2150E333-8FDC-42A3-9474-1A3956D46DE8}") = "PersonalSpaceService", "PersonalSpaceService", "{41962F41-EA34-4450-865E-A42CB606448F}"
EndProject
Project("{FAE04EC0-301F-11D3-BF4B-00C04F79EFBC}") = "WorkspaceService.Domain", "Backend\WorkspaceService.Domain\WorkspaceService.Domain.csproj", "{9C1D9323-A3D2-41A9-8D69-507F803C1630}"
EndProject
Project("{FAE04EC0-301F-11D3-BF4B-00C04F79EFBC}") = "WorkspaceService.Infrastructure", "Backend\WorkspaceService.Infrastructure\WorkspaceService.Infrastructure.csproj", "{266BD2BC-3DCC-4956-843B-D86CF3DE111B}"
EndProject
Project("{FAE04EC0-301F-11D3-BF4B-00C04F79EFBC}") = "WorkspaceService.WebAPI", "Backend\WorkspaceService.WebAPI\WorkspaceService.WebAPI.csproj", "{D919ACB5-A046-45FB-B3DF-0A31644AF295}"
EndProject
Project("{FAE04EC0-301F-11D3-BF4B-00C04F79EFBC}") = "PersonalSpaceService.Domain", "Backend\PersonalSpaceService.Domain\PersonalSpaceService.Domain.csproj", "{8C85284A-3297-5874-1ABD-C38172145D7D}"
EndProject
Project("{FAE04EC0-301F-11D3-BF4B-00C04F79EFBC}") = "PersonalSpaceService.Infrastructure", "Backend\PersonalSpaceService.Infrastructure\PersonalSpaceService.Infrastructure.csproj", "{57D1EC18-828D-DB66-CA18-B085C1F542A9}"
EndProject
Project("{FAE04EC0-301F-11D3-BF4B-00C04F79EFBC}") = "PersonalSpaceService.WebAPI", "Backend\PersonalSpaceService.WebAPI\PersonalSpaceService.WebAPI.csproj", "{0CF06406-57ED-69F4-8AB6-3A7D2E3683CC}"
EndProject
Project("{2150E333-8FDC-42A3-9474-1A3956D46DE8}") = "Services", "Services", "{87A1EE39-582C-49B7-B096-4346C2B97B3B}"
EndProject
Project("{2150E333-8FDC-42A3-9474-1A3956D46DE8}") = "ChatService", "ChatService", "{08B73167-6CF6-461E-8CC4-93179FCC5417}"
EndProject
Project("{FAE04EC0-301F-11D3-BF4B-00C04F79EFBC}") = "ChatService.Domain", "Backend\ChatService.Domain\ChatService.Domain.csproj", "{B1E7DA3A-DEC5-48DB-9167-1CAFD2FE4C48}"
EndProject
Project("{FAE04EC0-301F-11D3-BF4B-00C04F79EFBC}") = "ChatService.Infrastructure", "Backend\ChatService.Infrastructure\ChatService.Infrastructure.csproj", "{F1152450-BFFF-4ADB-9943-A733FFB0795B}"
EndProject
Project("{FAE04EC0-301F-11D3-BF4B-00C04F79EFBC}") = "ChatService.WebAPI", "Backend\ChatService.WebAPI\ChatService.WebAPI.csproj", "{685ECE31-339F-4C80-8678-D0E3998288BB}"
EndProject
Project("{FAE04EC0-301F-11D3-BF4B-00C04F79EFBC}") = "ApiClients", "Frontend\ApiClients\ApiClients.csproj", "{71D4BBCC-E257-E419-EF5C-44FB6A56D5D9}"
EndProject
Project("{FAE04EC0-301F-11D3-BF4B-00C04F79EFBC}") = "ApiClients.Abstractions", "Frontend\ApiClients.Abstractions\ApiClients.Abstractions.csproj", "{78EE1231-9001-C034-C24B-A5480953D0C2}"
EndProject
Project("{FAE04EC0-301F-11D3-BF4B-00C04F79EFBC}") = "DataProviders", "Frontend\DataProviders\DataProviders.csproj", "{7EAE88DD-1528-48EE-A30A-CDA628CAA1F7}"
EndProject
Project("{FAE04EC0-301F-11D3-BF4B-00C04F79EFBC}") = "DataProviders.Abstractions", "Frontend\DataProviders.Abstractions\DataProviders.Abstractions.csproj", "{ED38B4E6-4B90-4BD8-94A1-4F63F384A751}"
EndProject
Project("{FAE04EC0-301F-11D3-BF4B-00C04F79EFBC}") = "Services.Abstractions", "Frontend\Services.Abstractions\Services.Abstractions.csproj", "{48E2E743-FF99-45DC-A556-70592F495EC6}"
EndProject
Project("{FAE04EC0-301F-11D3-BF4B-00C04F79EFBC}") = "Services", "Frontend\Services\Services.csproj", "{DC59C2F5-4D28-4FCE-AD68-B646C2D27A01}"
EndProject
Project("{FAE04EC0-301F-11D3-BF4B-00C04F79EFBC}") = "Frontend.Shared", "Frontend\Frontend.Shared\Frontend.Shared.csproj", "{0F9B3411-8014-4468-96F2-22DEE203F4FD}"
EndProject
Project("{FAE04EC0-301F-11D3-BF4B-00C04F79EFBC}") = "Elara.ViewModel", "Frontend\Elara.ViewModel\Elara.ViewModel.csproj", "{83F82984-BB33-2997-7359-BF41FEDA9EE4}"
EndProject
Project("{FAE04EC0-301F-11D3-BF4B-00C04F79EFBC}") = "InteractionServices.Abstractions", "Frontend\InteractionServices.Abstractions\InteractionServices.Abstractions.csproj", "{C819B1BC-A2F7-2371-C015-C38090F5BECB}"
EndProject
Project("{FAE04EC0-301F-11D3-BF4B-00C04F79EFBC}") = "EventBus.SignalR.Client", "Frontend\EventBus.SignalR.Client\EventBus.SignalR.Client.csproj", "{68818826-0591-8FAF-12AD-849ADE05215A}"
EndProject
Global
	GlobalSection(SolutionConfigurationPlatforms) = preSolution
		Debug|Any CPU = Debug|Any CPU
		Debug|ARM64 = Debug|ARM64
		Debug|x64 = Debug|x64
		Debug|x86 = Debug|x86
		Release|Any CPU = Release|Any CPU
		Release|ARM64 = Release|ARM64
		Release|x64 = Release|x64
		Release|x86 = Release|x86
	EndGlobalSection
	GlobalSection(ProjectConfigurationPlatforms) = postSolution
		{C4FCAE10-C918-49E8-B37A-F65FB8301688}.Debug|Any CPU.ActiveCfg = Debug|Any CPU
		{C4FCAE10-C918-49E8-B37A-F65FB8301688}.Debug|Any CPU.Build.0 = Debug|Any CPU
		{C4FCAE10-C918-49E8-B37A-F65FB8301688}.Debug|ARM64.ActiveCfg = Debug|Any CPU
		{C4FCAE10-C918-49E8-B37A-F65FB8301688}.Debug|ARM64.Build.0 = Debug|Any CPU
		{C4FCAE10-C918-49E8-B37A-F65FB8301688}.Debug|x64.ActiveCfg = Debug|Any CPU
		{C4FCAE10-C918-49E8-B37A-F65FB8301688}.Debug|x64.Build.0 = Debug|Any CPU
		{C4FCAE10-C918-49E8-B37A-F65FB8301688}.Debug|x86.ActiveCfg = Debug|Any CPU
		{C4FCAE10-C918-49E8-B37A-F65FB8301688}.Debug|x86.Build.0 = Debug|Any CPU
		{C4FCAE10-C918-49E8-B37A-F65FB8301688}.Release|Any CPU.ActiveCfg = Release|Any CPU
		{C4FCAE10-C918-49E8-B37A-F65FB8301688}.Release|Any CPU.Build.0 = Release|Any CPU
		{C4FCAE10-C918-49E8-B37A-F65FB8301688}.Release|ARM64.ActiveCfg = Release|Any CPU
		{C4FCAE10-C918-49E8-B37A-F65FB8301688}.Release|ARM64.Build.0 = Release|Any CPU
		{C4FCAE10-C918-49E8-B37A-F65FB8301688}.Release|x64.ActiveCfg = Release|Any CPU
		{C4FCAE10-C918-49E8-B37A-F65FB8301688}.Release|x64.Build.0 = Release|Any CPU
		{C4FCAE10-C918-49E8-B37A-F65FB8301688}.Release|x86.ActiveCfg = Release|Any CPU
		{C4FCAE10-C918-49E8-B37A-F65FB8301688}.Release|x86.Build.0 = Release|Any CPU
		{64BE93B2-653F-4512-8FE8-24E5A9449F06}.Debug|Any CPU.ActiveCfg = Debug|Any CPU
		{64BE93B2-653F-4512-8FE8-24E5A9449F06}.Debug|Any CPU.Build.0 = Debug|Any CPU
		{64BE93B2-653F-4512-8FE8-24E5A9449F06}.Debug|ARM64.ActiveCfg = Debug|Any CPU
		{64BE93B2-653F-4512-8FE8-24E5A9449F06}.Debug|ARM64.Build.0 = Debug|Any CPU
		{64BE93B2-653F-4512-8FE8-24E5A9449F06}.Debug|x64.ActiveCfg = Debug|Any CPU
		{64BE93B2-653F-4512-8FE8-24E5A9449F06}.Debug|x64.Build.0 = Debug|Any CPU
		{64BE93B2-653F-4512-8FE8-24E5A9449F06}.Debug|x86.ActiveCfg = Debug|Any CPU
		{64BE93B2-653F-4512-8FE8-24E5A9449F06}.Debug|x86.Build.0 = Debug|Any CPU
		{64BE93B2-653F-4512-8FE8-24E5A9449F06}.Release|Any CPU.ActiveCfg = Release|Any CPU
		{64BE93B2-653F-4512-8FE8-24E5A9449F06}.Release|Any CPU.Build.0 = Release|Any CPU
		{64BE93B2-653F-4512-8FE8-24E5A9449F06}.Release|ARM64.ActiveCfg = Release|Any CPU
		{64BE93B2-653F-4512-8FE8-24E5A9449F06}.Release|ARM64.Build.0 = Release|Any CPU
		{64BE93B2-653F-4512-8FE8-24E5A9449F06}.Release|x64.ActiveCfg = Release|Any CPU
		{64BE93B2-653F-4512-8FE8-24E5A9449F06}.Release|x64.Build.0 = Release|Any CPU
		{64BE93B2-653F-4512-8FE8-24E5A9449F06}.Release|x86.ActiveCfg = Release|Any CPU
		{64BE93B2-653F-4512-8FE8-24E5A9449F06}.Release|x86.Build.0 = Release|Any CPU
		{A5BD87A7-1071-436C-B711-A2D975BD519A}.Debug|Any CPU.ActiveCfg = Debug|Any CPU
		{A5BD87A7-1071-436C-B711-A2D975BD519A}.Debug|Any CPU.Build.0 = Debug|Any CPU
		{A5BD87A7-1071-436C-B711-A2D975BD519A}.Debug|ARM64.ActiveCfg = Debug|Any CPU
		{A5BD87A7-1071-436C-B711-A2D975BD519A}.Debug|ARM64.Build.0 = Debug|Any CPU
		{A5BD87A7-1071-436C-B711-A2D975BD519A}.Debug|x64.ActiveCfg = Debug|Any CPU
		{A5BD87A7-1071-436C-B711-A2D975BD519A}.Debug|x64.Build.0 = Debug|Any CPU
		{A5BD87A7-1071-436C-B711-A2D975BD519A}.Debug|x86.ActiveCfg = Debug|Any CPU
		{A5BD87A7-1071-436C-B711-A2D975BD519A}.Debug|x86.Build.0 = Debug|Any CPU
		{A5BD87A7-1071-436C-B711-A2D975BD519A}.Release|Any CPU.ActiveCfg = Release|Any CPU
		{A5BD87A7-1071-436C-B711-A2D975BD519A}.Release|Any CPU.Build.0 = Release|Any CPU
		{A5BD87A7-1071-436C-B711-A2D975BD519A}.Release|ARM64.ActiveCfg = Release|Any CPU
		{A5BD87A7-1071-436C-B711-A2D975BD519A}.Release|ARM64.Build.0 = Release|Any CPU
		{A5BD87A7-1071-436C-B711-A2D975BD519A}.Release|x64.ActiveCfg = Release|Any CPU
		{A5BD87A7-1071-436C-B711-A2D975BD519A}.Release|x64.Build.0 = Release|Any CPU
		{A5BD87A7-1071-436C-B711-A2D975BD519A}.Release|x86.ActiveCfg = Release|Any CPU
		{A5BD87A7-1071-436C-B711-A2D975BD519A}.Release|x86.Build.0 = Release|Any CPU
		{EC7478CD-F574-4AE3-82F8-73E8B49F99C8}.Debug|Any CPU.ActiveCfg = Debug|Any CPU
		{EC7478CD-F574-4AE3-82F8-73E8B49F99C8}.Debug|Any CPU.Build.0 = Debug|Any CPU
		{EC7478CD-F574-4AE3-82F8-73E8B49F99C8}.Debug|ARM64.ActiveCfg = Debug|Any CPU
		{EC7478CD-F574-4AE3-82F8-73E8B49F99C8}.Debug|ARM64.Build.0 = Debug|Any CPU
		{EC7478CD-F574-4AE3-82F8-73E8B49F99C8}.Debug|x64.ActiveCfg = Debug|Any CPU
		{EC7478CD-F574-4AE3-82F8-73E8B49F99C8}.Debug|x64.Build.0 = Debug|Any CPU
		{EC7478CD-F574-4AE3-82F8-73E8B49F99C8}.Debug|x86.ActiveCfg = Debug|Any CPU
		{EC7478CD-F574-4AE3-82F8-73E8B49F99C8}.Debug|x86.Build.0 = Debug|Any CPU
		{EC7478CD-F574-4AE3-82F8-73E8B49F99C8}.Release|Any CPU.ActiveCfg = Release|Any CPU
		{EC7478CD-F574-4AE3-82F8-73E8B49F99C8}.Release|Any CPU.Build.0 = Release|Any CPU
		{EC7478CD-F574-4AE3-82F8-73E8B49F99C8}.Release|ARM64.ActiveCfg = Release|Any CPU
		{EC7478CD-F574-4AE3-82F8-73E8B49F99C8}.Release|ARM64.Build.0 = Release|Any CPU
		{EC7478CD-F574-4AE3-82F8-73E8B49F99C8}.Release|x64.ActiveCfg = Release|Any CPU
		{EC7478CD-F574-4AE3-82F8-73E8B49F99C8}.Release|x64.Build.0 = Release|Any CPU
		{EC7478CD-F574-4AE3-82F8-73E8B49F99C8}.Release|x86.ActiveCfg = Release|Any CPU
		{EC7478CD-F574-4AE3-82F8-73E8B49F99C8}.Release|x86.Build.0 = Release|Any CPU
		{09EED26F-39E2-483F-A46B-31486978D475}.Debug|Any CPU.ActiveCfg = Debug|Any CPU
		{09EED26F-39E2-483F-A46B-31486978D475}.Debug|Any CPU.Build.0 = Debug|Any CPU
		{09EED26F-39E2-483F-A46B-31486978D475}.Debug|ARM64.ActiveCfg = Debug|Any CPU
		{09EED26F-39E2-483F-A46B-31486978D475}.Debug|ARM64.Build.0 = Debug|Any CPU
		{09EED26F-39E2-483F-A46B-31486978D475}.Debug|x64.ActiveCfg = Debug|Any CPU
		{09EED26F-39E2-483F-A46B-31486978D475}.Debug|x64.Build.0 = Debug|Any CPU
		{09EED26F-39E2-483F-A46B-31486978D475}.Debug|x86.ActiveCfg = Debug|Any CPU
		{09EED26F-39E2-483F-A46B-31486978D475}.Debug|x86.Build.0 = Debug|Any CPU
		{09EED26F-39E2-483F-A46B-31486978D475}.Release|Any CPU.ActiveCfg = Release|Any CPU
		{09EED26F-39E2-483F-A46B-31486978D475}.Release|Any CPU.Build.0 = Release|Any CPU
		{09EED26F-39E2-483F-A46B-31486978D475}.Release|ARM64.ActiveCfg = Release|Any CPU
		{09EED26F-39E2-483F-A46B-31486978D475}.Release|ARM64.Build.0 = Release|Any CPU
		{09EED26F-39E2-483F-A46B-31486978D475}.Release|x64.ActiveCfg = Release|Any CPU
		{09EED26F-39E2-483F-A46B-31486978D475}.Release|x64.Build.0 = Release|Any CPU
		{09EED26F-39E2-483F-A46B-31486978D475}.Release|x86.ActiveCfg = Release|Any CPU
		{09EED26F-39E2-483F-A46B-31486978D475}.Release|x86.Build.0 = Release|Any CPU
		{C7D54200-949E-4F0F-B415-9106FDF7F410}.Debug|Any CPU.ActiveCfg = Debug|Any CPU
		{C7D54200-949E-4F0F-B415-9106FDF7F410}.Debug|Any CPU.Build.0 = Debug|Any CPU
		{C7D54200-949E-4F0F-B415-9106FDF7F410}.Debug|ARM64.ActiveCfg = Debug|Any CPU
		{C7D54200-949E-4F0F-B415-9106FDF7F410}.Debug|ARM64.Build.0 = Debug|Any CPU
		{C7D54200-949E-4F0F-B415-9106FDF7F410}.Debug|x64.ActiveCfg = Debug|Any CPU
		{C7D54200-949E-4F0F-B415-9106FDF7F410}.Debug|x64.Build.0 = Debug|Any CPU
		{C7D54200-949E-4F0F-B415-9106FDF7F410}.Debug|x86.ActiveCfg = Debug|Any CPU
		{C7D54200-949E-4F0F-B415-9106FDF7F410}.Debug|x86.Build.0 = Debug|Any CPU
		{C7D54200-949E-4F0F-B415-9106FDF7F410}.Release|Any CPU.ActiveCfg = Release|Any CPU
		{C7D54200-949E-4F0F-B415-9106FDF7F410}.Release|Any CPU.Build.0 = Release|Any CPU
		{C7D54200-949E-4F0F-B415-9106FDF7F410}.Release|ARM64.ActiveCfg = Release|Any CPU
		{C7D54200-949E-4F0F-B415-9106FDF7F410}.Release|ARM64.Build.0 = Release|Any CPU
		{C7D54200-949E-4F0F-B415-9106FDF7F410}.Release|x64.ActiveCfg = Release|Any CPU
		{C7D54200-949E-4F0F-B415-9106FDF7F410}.Release|x64.Build.0 = Release|Any CPU
		{C7D54200-949E-4F0F-B415-9106FDF7F410}.Release|x86.ActiveCfg = Release|Any CPU
		{C7D54200-949E-4F0F-B415-9106FDF7F410}.Release|x86.Build.0 = Release|Any CPU
		{044B3A91-2C03-44B4-AD75-A7B4C0A64357}.Debug|Any CPU.ActiveCfg = Debug|Any CPU
		{044B3A91-2C03-44B4-AD75-A7B4C0A64357}.Debug|Any CPU.Build.0 = Debug|Any CPU
		{044B3A91-2C03-44B4-AD75-A7B4C0A64357}.Debug|ARM64.ActiveCfg = Debug|Any CPU
		{044B3A91-2C03-44B4-AD75-A7B4C0A64357}.Debug|ARM64.Build.0 = Debug|Any CPU
		{044B3A91-2C03-44B4-AD75-A7B4C0A64357}.Debug|x64.ActiveCfg = Debug|Any CPU
		{044B3A91-2C03-44B4-AD75-A7B4C0A64357}.Debug|x64.Build.0 = Debug|Any CPU
		{044B3A91-2C03-44B4-AD75-A7B4C0A64357}.Debug|x86.ActiveCfg = Debug|Any CPU
		{044B3A91-2C03-44B4-AD75-A7B4C0A64357}.Debug|x86.Build.0 = Debug|Any CPU
		{044B3A91-2C03-44B4-AD75-A7B4C0A64357}.Release|Any CPU.ActiveCfg = Release|Any CPU
		{044B3A91-2C03-44B4-AD75-A7B4C0A64357}.Release|Any CPU.Build.0 = Release|Any CPU
		{044B3A91-2C03-44B4-AD75-A7B4C0A64357}.Release|ARM64.ActiveCfg = Release|Any CPU
		{044B3A91-2C03-44B4-AD75-A7B4C0A64357}.Release|ARM64.Build.0 = Release|Any CPU
		{044B3A91-2C03-44B4-AD75-A7B4C0A64357}.Release|x64.ActiveCfg = Release|Any CPU
		{044B3A91-2C03-44B4-AD75-A7B4C0A64357}.Release|x64.Build.0 = Release|Any CPU
		{044B3A91-2C03-44B4-AD75-A7B4C0A64357}.Release|x86.ActiveCfg = Release|Any CPU
		{044B3A91-2C03-44B4-AD75-A7B4C0A64357}.Release|x86.Build.0 = Release|Any CPU
		{93C56410-69B4-406E-86CE-24FC40D46214}.Debug|Any CPU.ActiveCfg = Debug|Any CPU
		{93C56410-69B4-406E-86CE-24FC40D46214}.Debug|Any CPU.Build.0 = Debug|Any CPU
		{93C56410-69B4-406E-86CE-24FC40D46214}.Debug|ARM64.ActiveCfg = Debug|Any CPU
		{93C56410-69B4-406E-86CE-24FC40D46214}.Debug|ARM64.Build.0 = Debug|Any CPU
		{93C56410-69B4-406E-86CE-24FC40D46214}.Debug|x64.ActiveCfg = Debug|Any CPU
		{93C56410-69B4-406E-86CE-24FC40D46214}.Debug|x64.Build.0 = Debug|Any CPU
		{93C56410-69B4-406E-86CE-24FC40D46214}.Debug|x86.ActiveCfg = Debug|Any CPU
		{93C56410-69B4-406E-86CE-24FC40D46214}.Debug|x86.Build.0 = Debug|Any CPU
		{93C56410-69B4-406E-86CE-24FC40D46214}.Release|Any CPU.ActiveCfg = Release|Any CPU
		{93C56410-69B4-406E-86CE-24FC40D46214}.Release|Any CPU.Build.0 = Release|Any CPU
		{93C56410-69B4-406E-86CE-24FC40D46214}.Release|ARM64.ActiveCfg = Release|Any CPU
		{93C56410-69B4-406E-86CE-24FC40D46214}.Release|ARM64.Build.0 = Release|Any CPU
		{93C56410-69B4-406E-86CE-24FC40D46214}.Release|x64.ActiveCfg = Release|Any CPU
		{93C56410-69B4-406E-86CE-24FC40D46214}.Release|x64.Build.0 = Release|Any CPU
		{93C56410-69B4-406E-86CE-24FC40D46214}.Release|x86.ActiveCfg = Release|Any CPU
		{93C56410-69B4-406E-86CE-24FC40D46214}.Release|x86.Build.0 = Release|Any CPU
		{6D84A281-5F6D-4545-985D-12E6A3E51695}.Debug|Any CPU.ActiveCfg = Debug|Any CPU
		{6D84A281-5F6D-4545-985D-12E6A3E51695}.Debug|Any CPU.Build.0 = Debug|Any CPU
		{6D84A281-5F6D-4545-985D-12E6A3E51695}.Debug|ARM64.ActiveCfg = Debug|Any CPU
		{6D84A281-5F6D-4545-985D-12E6A3E51695}.Debug|ARM64.Build.0 = Debug|Any CPU
		{6D84A281-5F6D-4545-985D-12E6A3E51695}.Debug|x64.ActiveCfg = Debug|Any CPU
		{6D84A281-5F6D-4545-985D-12E6A3E51695}.Debug|x64.Build.0 = Debug|Any CPU
		{6D84A281-5F6D-4545-985D-12E6A3E51695}.Debug|x86.ActiveCfg = Debug|Any CPU
		{6D84A281-5F6D-4545-985D-12E6A3E51695}.Debug|x86.Build.0 = Debug|Any CPU
		{6D84A281-5F6D-4545-985D-12E6A3E51695}.Release|Any CPU.ActiveCfg = Release|Any CPU
		{6D84A281-5F6D-4545-985D-12E6A3E51695}.Release|Any CPU.Build.0 = Release|Any CPU
		{6D84A281-5F6D-4545-985D-12E6A3E51695}.Release|ARM64.ActiveCfg = Release|Any CPU
		{6D84A281-5F6D-4545-985D-12E6A3E51695}.Release|ARM64.Build.0 = Release|Any CPU
		{6D84A281-5F6D-4545-985D-12E6A3E51695}.Release|x64.ActiveCfg = Release|Any CPU
		{6D84A281-5F6D-4545-985D-12E6A3E51695}.Release|x64.Build.0 = Release|Any CPU
		{6D84A281-5F6D-4545-985D-12E6A3E51695}.Release|x86.ActiveCfg = Release|Any CPU
		{6D84A281-5F6D-4545-985D-12E6A3E51695}.Release|x86.Build.0 = Release|Any CPU
		{8A99142A-EE5B-4B25-9AAD-A1E175D5CB4A}.Debug|Any CPU.ActiveCfg = Debug|Any CPU
		{8A99142A-EE5B-4B25-9AAD-A1E175D5CB4A}.Debug|Any CPU.Build.0 = Debug|Any CPU
		{8A99142A-EE5B-4B25-9AAD-A1E175D5CB4A}.Debug|ARM64.ActiveCfg = Debug|Any CPU
		{8A99142A-EE5B-4B25-9AAD-A1E175D5CB4A}.Debug|ARM64.Build.0 = Debug|Any CPU
		{8A99142A-EE5B-4B25-9AAD-A1E175D5CB4A}.Debug|x64.ActiveCfg = Debug|Any CPU
		{8A99142A-EE5B-4B25-9AAD-A1E175D5CB4A}.Debug|x64.Build.0 = Debug|Any CPU
		{8A99142A-EE5B-4B25-9AAD-A1E175D5CB4A}.Debug|x86.ActiveCfg = Debug|Any CPU
		{8A99142A-EE5B-4B25-9AAD-A1E175D5CB4A}.Debug|x86.Build.0 = Debug|Any CPU
		{8A99142A-EE5B-4B25-9AAD-A1E175D5CB4A}.Release|Any CPU.ActiveCfg = Release|Any CPU
		{8A99142A-EE5B-4B25-9AAD-A1E175D5CB4A}.Release|Any CPU.Build.0 = Release|Any CPU
		{8A99142A-EE5B-4B25-9AAD-A1E175D5CB4A}.Release|ARM64.ActiveCfg = Release|Any CPU
		{8A99142A-EE5B-4B25-9AAD-A1E175D5CB4A}.Release|ARM64.Build.0 = Release|Any CPU
		{8A99142A-EE5B-4B25-9AAD-A1E175D5CB4A}.Release|x64.ActiveCfg = Release|Any CPU
		{8A99142A-EE5B-4B25-9AAD-A1E175D5CB4A}.Release|x64.Build.0 = Release|Any CPU
		{8A99142A-EE5B-4B25-9AAD-A1E175D5CB4A}.Release|x86.ActiveCfg = Release|Any CPU
		{8A99142A-EE5B-4B25-9AAD-A1E175D5CB4A}.Release|x86.Build.0 = Release|Any CPU
		{F3001F14-52D7-4B88-AFBD-DF9A72E21CB1}.Debug|Any CPU.ActiveCfg = Debug|Any CPU
		{F3001F14-52D7-4B88-AFBD-DF9A72E21CB1}.Debug|Any CPU.Build.0 = Debug|Any CPU
		{F3001F14-52D7-4B88-AFBD-DF9A72E21CB1}.Debug|ARM64.ActiveCfg = Debug|Any CPU
		{F3001F14-52D7-4B88-AFBD-DF9A72E21CB1}.Debug|ARM64.Build.0 = Debug|Any CPU
		{F3001F14-52D7-4B88-AFBD-DF9A72E21CB1}.Debug|x64.ActiveCfg = Debug|Any CPU
		{F3001F14-52D7-4B88-AFBD-DF9A72E21CB1}.Debug|x64.Build.0 = Debug|Any CPU
		{F3001F14-52D7-4B88-AFBD-DF9A72E21CB1}.Debug|x86.ActiveCfg = Debug|Any CPU
		{F3001F14-52D7-4B88-AFBD-DF9A72E21CB1}.Debug|x86.Build.0 = Debug|Any CPU
		{F3001F14-52D7-4B88-AFBD-DF9A72E21CB1}.Release|Any CPU.ActiveCfg = Release|Any CPU
		{F3001F14-52D7-4B88-AFBD-DF9A72E21CB1}.Release|Any CPU.Build.0 = Release|Any CPU
		{F3001F14-52D7-4B88-AFBD-DF9A72E21CB1}.Release|ARM64.ActiveCfg = Release|Any CPU
		{F3001F14-52D7-4B88-AFBD-DF9A72E21CB1}.Release|ARM64.Build.0 = Release|Any CPU
		{F3001F14-52D7-4B88-AFBD-DF9A72E21CB1}.Release|x64.ActiveCfg = Release|Any CPU
		{F3001F14-52D7-4B88-AFBD-DF9A72E21CB1}.Release|x64.Build.0 = Release|Any CPU
		{F3001F14-52D7-4B88-AFBD-DF9A72E21CB1}.Release|x86.ActiveCfg = Release|Any CPU
		{F3001F14-52D7-4B88-AFBD-DF9A72E21CB1}.Release|x86.Build.0 = Release|Any CPU
		{B6982CF9-00B2-4E75-8766-92B1B4AF1990}.Debug|Any CPU.ActiveCfg = Debug|Any CPU
		{B6982CF9-00B2-4E75-8766-92B1B4AF1990}.Debug|Any CPU.Build.0 = Debug|Any CPU
		{B6982CF9-00B2-4E75-8766-92B1B4AF1990}.Debug|ARM64.ActiveCfg = Debug|Any CPU
		{B6982CF9-00B2-4E75-8766-92B1B4AF1990}.Debug|ARM64.Build.0 = Debug|Any CPU
		{B6982CF9-00B2-4E75-8766-92B1B4AF1990}.Debug|x64.ActiveCfg = Debug|Any CPU
		{B6982CF9-00B2-4E75-8766-92B1B4AF1990}.Debug|x64.Build.0 = Debug|Any CPU
		{B6982CF9-00B2-4E75-8766-92B1B4AF1990}.Debug|x86.ActiveCfg = Debug|Any CPU
		{B6982CF9-00B2-4E75-8766-92B1B4AF1990}.Debug|x86.Build.0 = Debug|Any CPU
		{B6982CF9-00B2-4E75-8766-92B1B4AF1990}.Release|Any CPU.ActiveCfg = Release|Any CPU
		{B6982CF9-00B2-4E75-8766-92B1B4AF1990}.Release|Any CPU.Build.0 = Release|Any CPU
		{B6982CF9-00B2-4E75-8766-92B1B4AF1990}.Release|ARM64.ActiveCfg = Release|Any CPU
		{B6982CF9-00B2-4E75-8766-92B1B4AF1990}.Release|ARM64.Build.0 = Release|Any CPU
		{B6982CF9-00B2-4E75-8766-92B1B4AF1990}.Release|x64.ActiveCfg = Release|Any CPU
		{B6982CF9-00B2-4E75-8766-92B1B4AF1990}.Release|x64.Build.0 = Release|Any CPU
		{B6982CF9-00B2-4E75-8766-92B1B4AF1990}.Release|x86.ActiveCfg = Release|Any CPU
		{B6982CF9-00B2-4E75-8766-92B1B4AF1990}.Release|x86.Build.0 = Release|Any CPU
		{B868CC91-BE1B-4ED5-83FA-A5220EC3DBC1}.Debug|Any CPU.ActiveCfg = Debug|Any CPU
		{B868CC91-BE1B-4ED5-83FA-A5220EC3DBC1}.Debug|Any CPU.Build.0 = Debug|Any CPU
		{B868CC91-BE1B-4ED5-83FA-A5220EC3DBC1}.Debug|ARM64.ActiveCfg = Debug|Any CPU
		{B868CC91-BE1B-4ED5-83FA-A5220EC3DBC1}.Debug|ARM64.Build.0 = Debug|Any CPU
		{B868CC91-BE1B-4ED5-83FA-A5220EC3DBC1}.Debug|x64.ActiveCfg = Debug|Any CPU
		{B868CC91-BE1B-4ED5-83FA-A5220EC3DBC1}.Debug|x64.Build.0 = Debug|Any CPU
		{B868CC91-BE1B-4ED5-83FA-A5220EC3DBC1}.Debug|x86.ActiveCfg = Debug|Any CPU
		{B868CC91-BE1B-4ED5-83FA-A5220EC3DBC1}.Debug|x86.Build.0 = Debug|Any CPU
		{B868CC91-BE1B-4ED5-83FA-A5220EC3DBC1}.Release|Any CPU.ActiveCfg = Release|Any CPU
		{B868CC91-BE1B-4ED5-83FA-A5220EC3DBC1}.Release|Any CPU.Build.0 = Release|Any CPU
		{B868CC91-BE1B-4ED5-83FA-A5220EC3DBC1}.Release|ARM64.ActiveCfg = Release|Any CPU
		{B868CC91-BE1B-4ED5-83FA-A5220EC3DBC1}.Release|ARM64.Build.0 = Release|Any CPU
		{B868CC91-BE1B-4ED5-83FA-A5220EC3DBC1}.Release|x64.ActiveCfg = Release|Any CPU
		{B868CC91-BE1B-4ED5-83FA-A5220EC3DBC1}.Release|x64.Build.0 = Release|Any CPU
		{B868CC91-BE1B-4ED5-83FA-A5220EC3DBC1}.Release|x86.ActiveCfg = Release|Any CPU
		{B868CC91-BE1B-4ED5-83FA-A5220EC3DBC1}.Release|x86.Build.0 = Release|Any CPU
		{98DC43F2-D395-4AE8-9F41-4A4651E7222F}.Debug|Any CPU.ActiveCfg = Debug|Any CPU
		{98DC43F2-D395-4AE8-9F41-4A4651E7222F}.Debug|Any CPU.Build.0 = Debug|Any CPU
		{98DC43F2-D395-4AE8-9F41-4A4651E7222F}.Debug|ARM64.ActiveCfg = Debug|Any CPU
		{98DC43F2-D395-4AE8-9F41-4A4651E7222F}.Debug|ARM64.Build.0 = Debug|Any CPU
		{98DC43F2-D395-4AE8-9F41-4A4651E7222F}.Debug|x64.ActiveCfg = Debug|Any CPU
		{98DC43F2-D395-4AE8-9F41-4A4651E7222F}.Debug|x64.Build.0 = Debug|Any CPU
		{98DC43F2-D395-4AE8-9F41-4A4651E7222F}.Debug|x86.ActiveCfg = Debug|Any CPU
		{98DC43F2-D395-4AE8-9F41-4A4651E7222F}.Debug|x86.Build.0 = Debug|Any CPU
		{98DC43F2-D395-4AE8-9F41-4A4651E7222F}.Release|Any CPU.ActiveCfg = Release|Any CPU
		{98DC43F2-D395-4AE8-9F41-4A4651E7222F}.Release|Any CPU.Build.0 = Release|Any CPU
		{98DC43F2-D395-4AE8-9F41-4A4651E7222F}.Release|ARM64.ActiveCfg = Release|Any CPU
		{98DC43F2-D395-4AE8-9F41-4A4651E7222F}.Release|ARM64.Build.0 = Release|Any CPU
		{98DC43F2-D395-4AE8-9F41-4A4651E7222F}.Release|x64.ActiveCfg = Release|Any CPU
		{98DC43F2-D395-4AE8-9F41-4A4651E7222F}.Release|x64.Build.0 = Release|Any CPU
		{98DC43F2-D395-4AE8-9F41-4A4651E7222F}.Release|x86.ActiveCfg = Release|Any CPU
		{98DC43F2-D395-4AE8-9F41-4A4651E7222F}.Release|x86.Build.0 = Release|Any CPU
		{12C032C2-3B42-4851-9F38-6615ED5115D7}.Debug|Any CPU.ActiveCfg = Debug|Any CPU
		{12C032C2-3B42-4851-9F38-6615ED5115D7}.Debug|Any CPU.Build.0 = Debug|Any CPU
		{12C032C2-3B42-4851-9F38-6615ED5115D7}.Debug|ARM64.ActiveCfg = Debug|Any CPU
		{12C032C2-3B42-4851-9F38-6615ED5115D7}.Debug|ARM64.Build.0 = Debug|Any CPU
		{12C032C2-3B42-4851-9F38-6615ED5115D7}.Debug|x64.ActiveCfg = Debug|Any CPU
		{12C032C2-3B42-4851-9F38-6615ED5115D7}.Debug|x64.Build.0 = Debug|Any CPU
		{12C032C2-3B42-4851-9F38-6615ED5115D7}.Debug|x86.ActiveCfg = Debug|Any CPU
		{12C032C2-3B42-4851-9F38-6615ED5115D7}.Debug|x86.Build.0 = Debug|Any CPU
		{12C032C2-3B42-4851-9F38-6615ED5115D7}.Release|Any CPU.ActiveCfg = Release|Any CPU
		{12C032C2-3B42-4851-9F38-6615ED5115D7}.Release|Any CPU.Build.0 = Release|Any CPU
		{12C032C2-3B42-4851-9F38-6615ED5115D7}.Release|ARM64.ActiveCfg = Release|Any CPU
		{12C032C2-3B42-4851-9F38-6615ED5115D7}.Release|ARM64.Build.0 = Release|Any CPU
		{12C032C2-3B42-4851-9F38-6615ED5115D7}.Release|x64.ActiveCfg = Release|Any CPU
		{12C032C2-3B42-4851-9F38-6615ED5115D7}.Release|x64.Build.0 = Release|Any CPU
		{12C032C2-3B42-4851-9F38-6615ED5115D7}.Release|x86.ActiveCfg = Release|Any CPU
		{12C032C2-3B42-4851-9F38-6615ED5115D7}.Release|x86.Build.0 = Release|Any CPU
		{708F0FEE-CD87-4D97-B622-58DACC96A240}.Debug|Any CPU.ActiveCfg = Debug|Any CPU
		{708F0FEE-CD87-4D97-B622-58DACC96A240}.Debug|Any CPU.Build.0 = Debug|Any CPU
		{708F0FEE-CD87-4D97-B622-58DACC96A240}.Debug|ARM64.ActiveCfg = Debug|Any CPU
		{708F0FEE-CD87-4D97-B622-58DACC96A240}.Debug|ARM64.Build.0 = Debug|Any CPU
		{708F0FEE-CD87-4D97-B622-58DACC96A240}.Debug|x64.ActiveCfg = Debug|Any CPU
		{708F0FEE-CD87-4D97-B622-58DACC96A240}.Debug|x64.Build.0 = Debug|Any CPU
		{708F0FEE-CD87-4D97-B622-58DACC96A240}.Debug|x86.ActiveCfg = Debug|Any CPU
		{708F0FEE-CD87-4D97-B622-58DACC96A240}.Debug|x86.Build.0 = Debug|Any CPU
		{708F0FEE-CD87-4D97-B622-58DACC96A240}.Release|Any CPU.ActiveCfg = Release|Any CPU
		{708F0FEE-CD87-4D97-B622-58DACC96A240}.Release|Any CPU.Build.0 = Release|Any CPU
		{708F0FEE-CD87-4D97-B622-58DACC96A240}.Release|ARM64.ActiveCfg = Release|Any CPU
		{708F0FEE-CD87-4D97-B622-58DACC96A240}.Release|ARM64.Build.0 = Release|Any CPU
		{708F0FEE-CD87-4D97-B622-58DACC96A240}.Release|x64.ActiveCfg = Release|Any CPU
		{708F0FEE-CD87-4D97-B622-58DACC96A240}.Release|x64.Build.0 = Release|Any CPU
		{708F0FEE-CD87-4D97-B622-58DACC96A240}.Release|x86.ActiveCfg = Release|Any CPU
		{708F0FEE-CD87-4D97-B622-58DACC96A240}.Release|x86.Build.0 = Release|Any CPU
		{2293ECEB-5FF7-4943-B996-F74D2E769EF5}.Debug|Any CPU.ActiveCfg = Debug|Any CPU
		{2293ECEB-5FF7-4943-B996-F74D2E769EF5}.Debug|Any CPU.Build.0 = Debug|Any CPU
		{2293ECEB-5FF7-4943-B996-F74D2E769EF5}.Debug|ARM64.ActiveCfg = Debug|Any CPU
		{2293ECEB-5FF7-4943-B996-F74D2E769EF5}.Debug|ARM64.Build.0 = Debug|Any CPU
		{2293ECEB-5FF7-4943-B996-F74D2E769EF5}.Debug|x64.ActiveCfg = Debug|Any CPU
		{2293ECEB-5FF7-4943-B996-F74D2E769EF5}.Debug|x64.Build.0 = Debug|Any CPU
		{2293ECEB-5FF7-4943-B996-F74D2E769EF5}.Debug|x86.ActiveCfg = Debug|Any CPU
		{2293ECEB-5FF7-4943-B996-F74D2E769EF5}.Debug|x86.Build.0 = Debug|Any CPU
		{2293ECEB-5FF7-4943-B996-F74D2E769EF5}.Release|Any CPU.ActiveCfg = Release|Any CPU
		{2293ECEB-5FF7-4943-B996-F74D2E769EF5}.Release|Any CPU.Build.0 = Release|Any CPU
		{2293ECEB-5FF7-4943-B996-F74D2E769EF5}.Release|ARM64.ActiveCfg = Release|Any CPU
		{2293ECEB-5FF7-4943-B996-F74D2E769EF5}.Release|ARM64.Build.0 = Release|Any CPU
		{2293ECEB-5FF7-4943-B996-F74D2E769EF5}.Release|x64.ActiveCfg = Release|Any CPU
		{2293ECEB-5FF7-4943-B996-F74D2E769EF5}.Release|x64.Build.0 = Release|Any CPU
		{2293ECEB-5FF7-4943-B996-F74D2E769EF5}.Release|x86.ActiveCfg = Release|Any CPU
		{2293ECEB-5FF7-4943-B996-F74D2E769EF5}.Release|x86.Build.0 = Release|Any CPU
		{9C1D9323-A3D2-41A9-8D69-507F803C1630}.Debug|Any CPU.ActiveCfg = Debug|Any CPU
		{9C1D9323-A3D2-41A9-8D69-507F803C1630}.Debug|Any CPU.Build.0 = Debug|Any CPU
		{9C1D9323-A3D2-41A9-8D69-507F803C1630}.Debug|ARM64.ActiveCfg = Debug|Any CPU
		{9C1D9323-A3D2-41A9-8D69-507F803C1630}.Debug|ARM64.Build.0 = Debug|Any CPU
		{9C1D9323-A3D2-41A9-8D69-507F803C1630}.Debug|x64.ActiveCfg = Debug|Any CPU
		{9C1D9323-A3D2-41A9-8D69-507F803C1630}.Debug|x64.Build.0 = Debug|Any CPU
		{9C1D9323-A3D2-41A9-8D69-507F803C1630}.Debug|x86.ActiveCfg = Debug|Any CPU
		{9C1D9323-A3D2-41A9-8D69-507F803C1630}.Debug|x86.Build.0 = Debug|Any CPU
		{9C1D9323-A3D2-41A9-8D69-507F803C1630}.Release|Any CPU.ActiveCfg = Release|Any CPU
		{9C1D9323-A3D2-41A9-8D69-507F803C1630}.Release|Any CPU.Build.0 = Release|Any CPU
		{9C1D9323-A3D2-41A9-8D69-507F803C1630}.Release|ARM64.ActiveCfg = Release|Any CPU
		{9C1D9323-A3D2-41A9-8D69-507F803C1630}.Release|ARM64.Build.0 = Release|Any CPU
		{9C1D9323-A3D2-41A9-8D69-507F803C1630}.Release|x64.ActiveCfg = Release|Any CPU
		{9C1D9323-A3D2-41A9-8D69-507F803C1630}.Release|x64.Build.0 = Release|Any CPU
		{9C1D9323-A3D2-41A9-8D69-507F803C1630}.Release|x86.ActiveCfg = Release|Any CPU
		{9C1D9323-A3D2-41A9-8D69-507F803C1630}.Release|x86.Build.0 = Release|Any CPU
		{266BD2BC-3DCC-4956-843B-D86CF3DE111B}.Debug|Any CPU.ActiveCfg = Debug|Any CPU
		{266BD2BC-3DCC-4956-843B-D86CF3DE111B}.Debug|Any CPU.Build.0 = Debug|Any CPU
		{266BD2BC-3DCC-4956-843B-D86CF3DE111B}.Debug|ARM64.ActiveCfg = Debug|Any CPU
		{266BD2BC-3DCC-4956-843B-D86CF3DE111B}.Debug|ARM64.Build.0 = Debug|Any CPU
		{266BD2BC-3DCC-4956-843B-D86CF3DE111B}.Debug|x64.ActiveCfg = Debug|Any CPU
		{266BD2BC-3DCC-4956-843B-D86CF3DE111B}.Debug|x64.Build.0 = Debug|Any CPU
		{266BD2BC-3DCC-4956-843B-D86CF3DE111B}.Debug|x86.ActiveCfg = Debug|Any CPU
		{266BD2BC-3DCC-4956-843B-D86CF3DE111B}.Debug|x86.Build.0 = Debug|Any CPU
		{266BD2BC-3DCC-4956-843B-D86CF3DE111B}.Release|Any CPU.ActiveCfg = Release|Any CPU
		{266BD2BC-3DCC-4956-843B-D86CF3DE111B}.Release|Any CPU.Build.0 = Release|Any CPU
		{266BD2BC-3DCC-4956-843B-D86CF3DE111B}.Release|ARM64.ActiveCfg = Release|Any CPU
		{266BD2BC-3DCC-4956-843B-D86CF3DE111B}.Release|ARM64.Build.0 = Release|Any CPU
		{266BD2BC-3DCC-4956-843B-D86CF3DE111B}.Release|x64.ActiveCfg = Release|Any CPU
		{266BD2BC-3DCC-4956-843B-D86CF3DE111B}.Release|x64.Build.0 = Release|Any CPU
		{266BD2BC-3DCC-4956-843B-D86CF3DE111B}.Release|x86.ActiveCfg = Release|Any CPU
		{266BD2BC-3DCC-4956-843B-D86CF3DE111B}.Release|x86.Build.0 = Release|Any CPU
		{D919ACB5-A046-45FB-B3DF-0A31644AF295}.Debug|Any CPU.ActiveCfg = Debug|Any CPU
		{D919ACB5-A046-45FB-B3DF-0A31644AF295}.Debug|Any CPU.Build.0 = Debug|Any CPU
		{D919ACB5-A046-45FB-B3DF-0A31644AF295}.Debug|ARM64.ActiveCfg = Debug|Any CPU
		{D919ACB5-A046-45FB-B3DF-0A31644AF295}.Debug|ARM64.Build.0 = Debug|Any CPU
		{D919ACB5-A046-45FB-B3DF-0A31644AF295}.Debug|x64.ActiveCfg = Debug|Any CPU
		{D919ACB5-A046-45FB-B3DF-0A31644AF295}.Debug|x64.Build.0 = Debug|Any CPU
		{D919ACB5-A046-45FB-B3DF-0A31644AF295}.Debug|x86.ActiveCfg = Debug|Any CPU
		{D919ACB5-A046-45FB-B3DF-0A31644AF295}.Debug|x86.Build.0 = Debug|Any CPU
		{D919ACB5-A046-45FB-B3DF-0A31644AF295}.Release|Any CPU.ActiveCfg = Release|Any CPU
		{D919ACB5-A046-45FB-B3DF-0A31644AF295}.Release|Any CPU.Build.0 = Release|Any CPU
		{D919ACB5-A046-45FB-B3DF-0A31644AF295}.Release|ARM64.ActiveCfg = Release|Any CPU
		{D919ACB5-A046-45FB-B3DF-0A31644AF295}.Release|ARM64.Build.0 = Release|Any CPU
		{D919ACB5-A046-45FB-B3DF-0A31644AF295}.Release|x64.ActiveCfg = Release|Any CPU
		{D919ACB5-A046-45FB-B3DF-0A31644AF295}.Release|x64.Build.0 = Release|Any CPU
		{D919ACB5-A046-45FB-B3DF-0A31644AF295}.Release|x86.ActiveCfg = Release|Any CPU
		{D919ACB5-A046-45FB-B3DF-0A31644AF295}.Release|x86.Build.0 = Release|Any CPU
		{8C85284A-3297-5874-1ABD-C38172145D7D}.Debug|Any CPU.ActiveCfg = Debug|Any CPU
		{8C85284A-3297-5874-1ABD-C38172145D7D}.Debug|Any CPU.Build.0 = Debug|Any CPU
		{8C85284A-3297-5874-1ABD-C38172145D7D}.Debug|ARM64.ActiveCfg = Debug|Any CPU
		{8C85284A-3297-5874-1ABD-C38172145D7D}.Debug|ARM64.Build.0 = Debug|Any CPU
		{8C85284A-3297-5874-1ABD-C38172145D7D}.Debug|x64.ActiveCfg = Debug|Any CPU
		{8C85284A-3297-5874-1ABD-C38172145D7D}.Debug|x64.Build.0 = Debug|Any CPU
		{8C85284A-3297-5874-1ABD-C38172145D7D}.Debug|x86.ActiveCfg = Debug|Any CPU
		{8C85284A-3297-5874-1ABD-C38172145D7D}.Debug|x86.Build.0 = Debug|Any CPU
		{8C85284A-3297-5874-1ABD-C38172145D7D}.Release|Any CPU.ActiveCfg = Release|Any CPU
		{8C85284A-3297-5874-1ABD-C38172145D7D}.Release|Any CPU.Build.0 = Release|Any CPU
		{8C85284A-3297-5874-1ABD-C38172145D7D}.Release|ARM64.ActiveCfg = Release|Any CPU
		{8C85284A-3297-5874-1ABD-C38172145D7D}.Release|ARM64.Build.0 = Release|Any CPU
		{8C85284A-3297-5874-1ABD-C38172145D7D}.Release|x64.ActiveCfg = Release|Any CPU
		{8C85284A-3297-5874-1ABD-C38172145D7D}.Release|x64.Build.0 = Release|Any CPU
		{8C85284A-3297-5874-1ABD-C38172145D7D}.Release|x86.ActiveCfg = Release|Any CPU
		{8C85284A-3297-5874-1ABD-C38172145D7D}.Release|x86.Build.0 = Release|Any CPU
		{57D1EC18-828D-DB66-CA18-B085C1F542A9}.Debug|Any CPU.ActiveCfg = Debug|Any CPU
		{57D1EC18-828D-DB66-CA18-B085C1F542A9}.Debug|Any CPU.Build.0 = Debug|Any CPU
		{57D1EC18-828D-DB66-CA18-B085C1F542A9}.Debug|ARM64.ActiveCfg = Debug|Any CPU
		{57D1EC18-828D-DB66-CA18-B085C1F542A9}.Debug|ARM64.Build.0 = Debug|Any CPU
		{57D1EC18-828D-DB66-CA18-B085C1F542A9}.Debug|x64.ActiveCfg = Debug|Any CPU
		{57D1EC18-828D-DB66-CA18-B085C1F542A9}.Debug|x64.Build.0 = Debug|Any CPU
		{57D1EC18-828D-DB66-CA18-B085C1F542A9}.Debug|x86.ActiveCfg = Debug|Any CPU
		{57D1EC18-828D-DB66-CA18-B085C1F542A9}.Debug|x86.Build.0 = Debug|Any CPU
		{57D1EC18-828D-DB66-CA18-B085C1F542A9}.Release|Any CPU.ActiveCfg = Release|Any CPU
		{57D1EC18-828D-DB66-CA18-B085C1F542A9}.Release|Any CPU.Build.0 = Release|Any CPU
		{57D1EC18-828D-DB66-CA18-B085C1F542A9}.Release|ARM64.ActiveCfg = Release|Any CPU
		{57D1EC18-828D-DB66-CA18-B085C1F542A9}.Release|ARM64.Build.0 = Release|Any CPU
		{57D1EC18-828D-DB66-CA18-B085C1F542A9}.Release|x64.ActiveCfg = Release|Any CPU
		{57D1EC18-828D-DB66-CA18-B085C1F542A9}.Release|x64.Build.0 = Release|Any CPU
		{57D1EC18-828D-DB66-CA18-B085C1F542A9}.Release|x86.ActiveCfg = Release|Any CPU
		{57D1EC18-828D-DB66-CA18-B085C1F542A9}.Release|x86.Build.0 = Release|Any CPU
		{0CF06406-57ED-69F4-8AB6-3A7D2E3683CC}.Debug|Any CPU.ActiveCfg = Debug|Any CPU
		{0CF06406-57ED-69F4-8AB6-3A7D2E3683CC}.Debug|Any CPU.Build.0 = Debug|Any CPU
		{0CF06406-57ED-69F4-8AB6-3A7D2E3683CC}.Debug|ARM64.ActiveCfg = Debug|Any CPU
		{0CF06406-57ED-69F4-8AB6-3A7D2E3683CC}.Debug|ARM64.Build.0 = Debug|Any CPU
		{0CF06406-57ED-69F4-8AB6-3A7D2E3683CC}.Debug|x64.ActiveCfg = Debug|Any CPU
		{0CF06406-57ED-69F4-8AB6-3A7D2E3683CC}.Debug|x64.Build.0 = Debug|Any CPU
		{0CF06406-57ED-69F4-8AB6-3A7D2E3683CC}.Debug|x86.ActiveCfg = Debug|Any CPU
		{0CF06406-57ED-69F4-8AB6-3A7D2E3683CC}.Debug|x86.Build.0 = Debug|Any CPU
		{0CF06406-57ED-69F4-8AB6-3A7D2E3683CC}.Release|Any CPU.ActiveCfg = Release|Any CPU
		{0CF06406-57ED-69F4-8AB6-3A7D2E3683CC}.Release|Any CPU.Build.0 = Release|Any CPU
		{0CF06406-57ED-69F4-8AB6-3A7D2E3683CC}.Release|ARM64.ActiveCfg = Release|Any CPU
		{0CF06406-57ED-69F4-8AB6-3A7D2E3683CC}.Release|ARM64.Build.0 = Release|Any CPU
		{0CF06406-57ED-69F4-8AB6-3A7D2E3683CC}.Release|x64.ActiveCfg = Release|Any CPU
		{0CF06406-57ED-69F4-8AB6-3A7D2E3683CC}.Release|x64.Build.0 = Release|Any CPU
		{0CF06406-57ED-69F4-8AB6-3A7D2E3683CC}.Release|x86.ActiveCfg = Release|Any CPU
		{0CF06406-57ED-69F4-8AB6-3A7D2E3683CC}.Release|x86.Build.0 = Release|Any CPU
		{B1E7DA3A-DEC5-48DB-9167-1CAFD2FE4C48}.Debug|Any CPU.ActiveCfg = Debug|Any CPU
		{B1E7DA3A-DEC5-48DB-9167-1CAFD2FE4C48}.Debug|Any CPU.Build.0 = Debug|Any CPU
		{B1E7DA3A-DEC5-48DB-9167-1CAFD2FE4C48}.Debug|ARM64.ActiveCfg = Debug|Any CPU
		{B1E7DA3A-DEC5-48DB-9167-1CAFD2FE4C48}.Debug|ARM64.Build.0 = Debug|Any CPU
		{B1E7DA3A-DEC5-48DB-9167-1CAFD2FE4C48}.Debug|x64.ActiveCfg = Debug|Any CPU
		{B1E7DA3A-DEC5-48DB-9167-1CAFD2FE4C48}.Debug|x64.Build.0 = Debug|Any CPU
		{B1E7DA3A-DEC5-48DB-9167-1CAFD2FE4C48}.Debug|x86.ActiveCfg = Debug|Any CPU
		{B1E7DA3A-DEC5-48DB-9167-1CAFD2FE4C48}.Debug|x86.Build.0 = Debug|Any CPU
		{B1E7DA3A-DEC5-48DB-9167-1CAFD2FE4C48}.Release|Any CPU.ActiveCfg = Release|Any CPU
		{B1E7DA3A-DEC5-48DB-9167-1CAFD2FE4C48}.Release|Any CPU.Build.0 = Release|Any CPU
		{B1E7DA3A-DEC5-48DB-9167-1CAFD2FE4C48}.Release|ARM64.ActiveCfg = Release|Any CPU
		{B1E7DA3A-DEC5-48DB-9167-1CAFD2FE4C48}.Release|ARM64.Build.0 = Release|Any CPU
		{B1E7DA3A-DEC5-48DB-9167-1CAFD2FE4C48}.Release|x64.ActiveCfg = Release|Any CPU
		{B1E7DA3A-DEC5-48DB-9167-1CAFD2FE4C48}.Release|x64.Build.0 = Release|Any CPU
		{B1E7DA3A-DEC5-48DB-9167-1CAFD2FE4C48}.Release|x86.ActiveCfg = Release|Any CPU
		{B1E7DA3A-DEC5-48DB-9167-1CAFD2FE4C48}.Release|x86.Build.0 = Release|Any CPU
		{F1152450-BFFF-4ADB-9943-A733FFB0795B}.Debug|Any CPU.ActiveCfg = Debug|Any CPU
		{F1152450-BFFF-4ADB-9943-A733FFB0795B}.Debug|Any CPU.Build.0 = Debug|Any CPU
		{F1152450-BFFF-4ADB-9943-A733FFB0795B}.Debug|ARM64.ActiveCfg = Debug|Any CPU
		{F1152450-BFFF-4ADB-9943-A733FFB0795B}.Debug|ARM64.Build.0 = Debug|Any CPU
		{F1152450-BFFF-4ADB-9943-A733FFB0795B}.Debug|x64.ActiveCfg = Debug|Any CPU
		{F1152450-BFFF-4ADB-9943-A733FFB0795B}.Debug|x64.Build.0 = Debug|Any CPU
		{F1152450-BFFF-4ADB-9943-A733FFB0795B}.Debug|x86.ActiveCfg = Debug|Any CPU
		{F1152450-BFFF-4ADB-9943-A733FFB0795B}.Debug|x86.Build.0 = Debug|Any CPU
		{F1152450-BFFF-4ADB-9943-A733FFB0795B}.Release|Any CPU.ActiveCfg = Release|Any CPU
		{F1152450-BFFF-4ADB-9943-A733FFB0795B}.Release|Any CPU.Build.0 = Release|Any CPU
		{F1152450-BFFF-4ADB-9943-A733FFB0795B}.Release|ARM64.ActiveCfg = Release|Any CPU
		{F1152450-BFFF-4ADB-9943-A733FFB0795B}.Release|ARM64.Build.0 = Release|Any CPU
		{F1152450-BFFF-4ADB-9943-A733FFB0795B}.Release|x64.ActiveCfg = Release|Any CPU
		{F1152450-BFFF-4ADB-9943-A733FFB0795B}.Release|x64.Build.0 = Release|Any CPU
		{F1152450-BFFF-4ADB-9943-A733FFB0795B}.Release|x86.ActiveCfg = Release|Any CPU
		{F1152450-BFFF-4ADB-9943-A733FFB0795B}.Release|x86.Build.0 = Release|Any CPU
		{685ECE31-339F-4C80-8678-D0E3998288BB}.Debug|Any CPU.ActiveCfg = Debug|Any CPU
		{685ECE31-339F-4C80-8678-D0E3998288BB}.Debug|Any CPU.Build.0 = Debug|Any CPU
		{685ECE31-339F-4C80-8678-D0E3998288BB}.Debug|ARM64.ActiveCfg = Debug|Any CPU
		{685ECE31-339F-4C80-8678-D0E3998288BB}.Debug|ARM64.Build.0 = Debug|Any CPU
		{685ECE31-339F-4C80-8678-D0E3998288BB}.Debug|x64.ActiveCfg = Debug|Any CPU
		{685ECE31-339F-4C80-8678-D0E3998288BB}.Debug|x64.Build.0 = Debug|Any CPU
		{685ECE31-339F-4C80-8678-D0E3998288BB}.Debug|x86.ActiveCfg = Debug|Any CPU
		{685ECE31-339F-4C80-8678-D0E3998288BB}.Debug|x86.Build.0 = Debug|Any CPU
		{685ECE31-339F-4C80-8678-D0E3998288BB}.Release|Any CPU.ActiveCfg = Release|Any CPU
		{685ECE31-339F-4C80-8678-D0E3998288BB}.Release|Any CPU.Build.0 = Release|Any CPU
		{685ECE31-339F-4C80-8678-D0E3998288BB}.Release|ARM64.ActiveCfg = Release|Any CPU
		{685ECE31-339F-4C80-8678-D0E3998288BB}.Release|ARM64.Build.0 = Release|Any CPU
		{685ECE31-339F-4C80-8678-D0E3998288BB}.Release|x64.ActiveCfg = Release|Any CPU
		{685ECE31-339F-4C80-8678-D0E3998288BB}.Release|x64.Build.0 = Release|Any CPU
		{685ECE31-339F-4C80-8678-D0E3998288BB}.Release|x86.ActiveCfg = Release|Any CPU
		{685ECE31-339F-4C80-8678-D0E3998288BB}.Release|x86.Build.0 = Release|Any CPU
		{71D4BBCC-E257-E419-EF5C-44FB6A56D5D9}.Debug|Any CPU.ActiveCfg = Debug|Any CPU
		{71D4BBCC-E257-E419-EF5C-44FB6A56D5D9}.Debug|Any CPU.Build.0 = Debug|Any CPU
		{71D4BBCC-E257-E419-EF5C-44FB6A56D5D9}.Debug|ARM64.ActiveCfg = Debug|Any CPU
		{71D4BBCC-E257-E419-EF5C-44FB6A56D5D9}.Debug|ARM64.Build.0 = Debug|Any CPU
		{71D4BBCC-E257-E419-EF5C-44FB6A56D5D9}.Debug|x64.ActiveCfg = Debug|Any CPU
		{71D4BBCC-E257-E419-EF5C-44FB6A56D5D9}.Debug|x64.Build.0 = Debug|Any CPU
		{71D4BBCC-E257-E419-EF5C-44FB6A56D5D9}.Debug|x86.ActiveCfg = Debug|Any CPU
		{71D4BBCC-E257-E419-EF5C-44FB6A56D5D9}.Debug|x86.Build.0 = Debug|Any CPU
		{71D4BBCC-E257-E419-EF5C-44FB6A56D5D9}.Release|Any CPU.ActiveCfg = Release|Any CPU
		{71D4BBCC-E257-E419-EF5C-44FB6A56D5D9}.Release|Any CPU.Build.0 = Release|Any CPU
		{71D4BBCC-E257-E419-EF5C-44FB6A56D5D9}.Release|ARM64.ActiveCfg = Release|Any CPU
		{71D4BBCC-E257-E419-EF5C-44FB6A56D5D9}.Release|ARM64.Build.0 = Release|Any CPU
		{71D4BBCC-E257-E419-EF5C-44FB6A56D5D9}.Release|x64.ActiveCfg = Release|Any CPU
		{71D4BBCC-E257-E419-EF5C-44FB6A56D5D9}.Release|x64.Build.0 = Release|Any CPU
		{71D4BBCC-E257-E419-EF5C-44FB6A56D5D9}.Release|x86.ActiveCfg = Release|Any CPU
		{71D4BBCC-E257-E419-EF5C-44FB6A56D5D9}.Release|x86.Build.0 = Release|Any CPU
		{78EE1231-9001-C034-C24B-A5480953D0C2}.Debug|Any CPU.ActiveCfg = Debug|Any CPU
		{78EE1231-9001-C034-C24B-A5480953D0C2}.Debug|Any CPU.Build.0 = Debug|Any CPU
		{78EE1231-9001-C034-C24B-A5480953D0C2}.Debug|ARM64.ActiveCfg = Debug|Any CPU
		{78EE1231-9001-C034-C24B-A5480953D0C2}.Debug|ARM64.Build.0 = Debug|Any CPU
		{78EE1231-9001-C034-C24B-A5480953D0C2}.Debug|x64.ActiveCfg = Debug|Any CPU
		{78EE1231-9001-C034-C24B-A5480953D0C2}.Debug|x64.Build.0 = Debug|Any CPU
		{78EE1231-9001-C034-C24B-A5480953D0C2}.Debug|x86.ActiveCfg = Debug|Any CPU
		{78EE1231-9001-C034-C24B-A5480953D0C2}.Debug|x86.Build.0 = Debug|Any CPU
		{78EE1231-9001-C034-C24B-A5480953D0C2}.Release|Any CPU.ActiveCfg = Release|Any CPU
		{78EE1231-9001-C034-C24B-A5480953D0C2}.Release|Any CPU.Build.0 = Release|Any CPU
		{78EE1231-9001-C034-C24B-A5480953D0C2}.Release|ARM64.ActiveCfg = Release|Any CPU
		{78EE1231-9001-C034-C24B-A5480953D0C2}.Release|ARM64.Build.0 = Release|Any CPU
		{78EE1231-9001-C034-C24B-A5480953D0C2}.Release|x64.ActiveCfg = Release|Any CPU
		{78EE1231-9001-C034-C24B-A5480953D0C2}.Release|x64.Build.0 = Release|Any CPU
		{78EE1231-9001-C034-C24B-A5480953D0C2}.Release|x86.ActiveCfg = Release|Any CPU
		{78EE1231-9001-C034-C24B-A5480953D0C2}.Release|x86.Build.0 = Release|Any CPU
		{7EAE88DD-1528-48EE-A30A-CDA628CAA1F7}.Debug|Any CPU.ActiveCfg = Debug|Any CPU
		{7EAE88DD-1528-48EE-A30A-CDA628CAA1F7}.Debug|Any CPU.Build.0 = Debug|Any CPU
		{7EAE88DD-1528-48EE-A30A-CDA628CAA1F7}.Debug|ARM64.ActiveCfg = Debug|Any CPU
		{7EAE88DD-1528-48EE-A30A-CDA628CAA1F7}.Debug|ARM64.Build.0 = Debug|Any CPU
		{7EAE88DD-1528-48EE-A30A-CDA628CAA1F7}.Debug|x64.ActiveCfg = Debug|Any CPU
		{7EAE88DD-1528-48EE-A30A-CDA628CAA1F7}.Debug|x64.Build.0 = Debug|Any CPU
		{7EAE88DD-1528-48EE-A30A-CDA628CAA1F7}.Debug|x86.ActiveCfg = Debug|Any CPU
		{7EAE88DD-1528-48EE-A30A-CDA628CAA1F7}.Debug|x86.Build.0 = Debug|Any CPU
		{7EAE88DD-1528-48EE-A30A-CDA628CAA1F7}.Release|Any CPU.ActiveCfg = Release|Any CPU
		{7EAE88DD-1528-48EE-A30A-CDA628CAA1F7}.Release|Any CPU.Build.0 = Release|Any CPU
		{7EAE88DD-1528-48EE-A30A-CDA628CAA1F7}.Release|ARM64.ActiveCfg = Release|Any CPU
		{7EAE88DD-1528-48EE-A30A-CDA628CAA1F7}.Release|ARM64.Build.0 = Release|Any CPU
		{7EAE88DD-1528-48EE-A30A-CDA628CAA1F7}.Release|x64.ActiveCfg = Release|Any CPU
		{7EAE88DD-1528-48EE-A30A-CDA628CAA1F7}.Release|x64.Build.0 = Release|Any CPU
		{7EAE88DD-1528-48EE-A30A-CDA628CAA1F7}.Release|x86.ActiveCfg = Release|Any CPU
		{7EAE88DD-1528-48EE-A30A-CDA628CAA1F7}.Release|x86.Build.0 = Release|Any CPU
		{ED38B4E6-4B90-4BD8-94A1-4F63F384A751}.Debug|Any CPU.ActiveCfg = Debug|Any CPU
		{ED38B4E6-4B90-4BD8-94A1-4F63F384A751}.Debug|Any CPU.Build.0 = Debug|Any CPU
		{ED38B4E6-4B90-4BD8-94A1-4F63F384A751}.Debug|ARM64.ActiveCfg = Debug|Any CPU
		{ED38B4E6-4B90-4BD8-94A1-4F63F384A751}.Debug|ARM64.Build.0 = Debug|Any CPU
		{ED38B4E6-4B90-4BD8-94A1-4F63F384A751}.Debug|x64.ActiveCfg = Debug|Any CPU
		{ED38B4E6-4B90-4BD8-94A1-4F63F384A751}.Debug|x64.Build.0 = Debug|Any CPU
		{ED38B4E6-4B90-4BD8-94A1-4F63F384A751}.Debug|x86.ActiveCfg = Debug|Any CPU
		{ED38B4E6-4B90-4BD8-94A1-4F63F384A751}.Debug|x86.Build.0 = Debug|Any CPU
		{ED38B4E6-4B90-4BD8-94A1-4F63F384A751}.Release|Any CPU.ActiveCfg = Release|Any CPU
		{ED38B4E6-4B90-4BD8-94A1-4F63F384A751}.Release|Any CPU.Build.0 = Release|Any CPU
		{ED38B4E6-4B90-4BD8-94A1-4F63F384A751}.Release|ARM64.ActiveCfg = Release|Any CPU
		{ED38B4E6-4B90-4BD8-94A1-4F63F384A751}.Release|ARM64.Build.0 = Release|Any CPU
		{ED38B4E6-4B90-4BD8-94A1-4F63F384A751}.Release|x64.ActiveCfg = Release|Any CPU
		{ED38B4E6-4B90-4BD8-94A1-4F63F384A751}.Release|x64.Build.0 = Release|Any CPU
		{ED38B4E6-4B90-4BD8-94A1-4F63F384A751}.Release|x86.ActiveCfg = Release|Any CPU
		{ED38B4E6-4B90-4BD8-94A1-4F63F384A751}.Release|x86.Build.0 = Release|Any CPU
		{48E2E743-FF99-45DC-A556-70592F495EC6}.Debug|Any CPU.ActiveCfg = Debug|Any CPU
		{48E2E743-FF99-45DC-A556-70592F495EC6}.Debug|Any CPU.Build.0 = Debug|Any CPU
		{48E2E743-FF99-45DC-A556-70592F495EC6}.Debug|ARM64.ActiveCfg = Debug|Any CPU
		{48E2E743-FF99-45DC-A556-70592F495EC6}.Debug|ARM64.Build.0 = Debug|Any CPU
		{48E2E743-FF99-45DC-A556-70592F495EC6}.Debug|x64.ActiveCfg = Debug|Any CPU
		{48E2E743-FF99-45DC-A556-70592F495EC6}.Debug|x64.Build.0 = Debug|Any CPU
		{48E2E743-FF99-45DC-A556-70592F495EC6}.Debug|x86.ActiveCfg = Debug|Any CPU
		{48E2E743-FF99-45DC-A556-70592F495EC6}.Debug|x86.Build.0 = Debug|Any CPU
		{48E2E743-FF99-45DC-A556-70592F495EC6}.Release|Any CPU.ActiveCfg = Release|Any CPU
		{48E2E743-FF99-45DC-A556-70592F495EC6}.Release|Any CPU.Build.0 = Release|Any CPU
		{48E2E743-FF99-45DC-A556-70592F495EC6}.Release|ARM64.ActiveCfg = Release|Any CPU
		{48E2E743-FF99-45DC-A556-70592F495EC6}.Release|ARM64.Build.0 = Release|Any CPU
		{48E2E743-FF99-45DC-A556-70592F495EC6}.Release|x64.ActiveCfg = Release|Any CPU
		{48E2E743-FF99-45DC-A556-70592F495EC6}.Release|x64.Build.0 = Release|Any CPU
		{48E2E743-FF99-45DC-A556-70592F495EC6}.Release|x86.ActiveCfg = Release|Any CPU
		{48E2E743-FF99-45DC-A556-70592F495EC6}.Release|x86.Build.0 = Release|Any CPU
		{DC59C2F5-4D28-4FCE-AD68-B646C2D27A01}.Debug|Any CPU.ActiveCfg = Debug|Any CPU
		{DC59C2F5-4D28-4FCE-AD68-B646C2D27A01}.Debug|Any CPU.Build.0 = Debug|Any CPU
		{DC59C2F5-4D28-4FCE-AD68-B646C2D27A01}.Debug|ARM64.ActiveCfg = Debug|Any CPU
		{DC59C2F5-4D28-4FCE-AD68-B646C2D27A01}.Debug|ARM64.Build.0 = Debug|Any CPU
		{DC59C2F5-4D28-4FCE-AD68-B646C2D27A01}.Debug|x64.ActiveCfg = Debug|Any CPU
		{DC59C2F5-4D28-4FCE-AD68-B646C2D27A01}.Debug|x64.Build.0 = Debug|Any CPU
		{DC59C2F5-4D28-4FCE-AD68-B646C2D27A01}.Debug|x86.ActiveCfg = Debug|Any CPU
		{DC59C2F5-4D28-4FCE-AD68-B646C2D27A01}.Debug|x86.Build.0 = Debug|Any CPU
		{DC59C2F5-4D28-4FCE-AD68-B646C2D27A01}.Release|Any CPU.ActiveCfg = Release|Any CPU
		{DC59C2F5-4D28-4FCE-AD68-B646C2D27A01}.Release|Any CPU.Build.0 = Release|Any CPU
		{DC59C2F5-4D28-4FCE-AD68-B646C2D27A01}.Release|ARM64.ActiveCfg = Release|Any CPU
		{DC59C2F5-4D28-4FCE-AD68-B646C2D27A01}.Release|ARM64.Build.0 = Release|Any CPU
		{DC59C2F5-4D28-4FCE-AD68-B646C2D27A01}.Release|x64.ActiveCfg = Release|Any CPU
		{DC59C2F5-4D28-4FCE-AD68-B646C2D27A01}.Release|x64.Build.0 = Release|Any CPU
		{DC59C2F5-4D28-4FCE-AD68-B646C2D27A01}.Release|x86.ActiveCfg = Release|Any CPU
		{DC59C2F5-4D28-4FCE-AD68-B646C2D27A01}.Release|x86.Build.0 = Release|Any CPU
		{0F9B3411-8014-4468-96F2-22DEE203F4FD}.Debug|Any CPU.ActiveCfg = Debug|Any CPU
		{0F9B3411-8014-4468-96F2-22DEE203F4FD}.Debug|Any CPU.Build.0 = Debug|Any CPU
		{0F9B3411-8014-4468-96F2-22DEE203F4FD}.Debug|ARM64.ActiveCfg = Debug|Any CPU
		{0F9B3411-8014-4468-96F2-22DEE203F4FD}.Debug|ARM64.Build.0 = Debug|Any CPU
		{0F9B3411-8014-4468-96F2-22DEE203F4FD}.Debug|x64.ActiveCfg = Debug|Any CPU
		{0F9B3411-8014-4468-96F2-22DEE203F4FD}.Debug|x64.Build.0 = Debug|Any CPU
		{0F9B3411-8014-4468-96F2-22DEE203F4FD}.Debug|x86.ActiveCfg = Debug|Any CPU
		{0F9B3411-8014-4468-96F2-22DEE203F4FD}.Debug|x86.Build.0 = Debug|Any CPU
		{0F9B3411-8014-4468-96F2-22DEE203F4FD}.Release|Any CPU.ActiveCfg = Release|Any CPU
		{0F9B3411-8014-4468-96F2-22DEE203F4FD}.Release|Any CPU.Build.0 = Release|Any CPU
		{0F9B3411-8014-4468-96F2-22DEE203F4FD}.Release|ARM64.ActiveCfg = Release|Any CPU
		{0F9B3411-8014-4468-96F2-22DEE203F4FD}.Release|ARM64.Build.0 = Release|Any CPU
		{0F9B3411-8014-4468-96F2-22DEE203F4FD}.Release|x64.ActiveCfg = Release|Any CPU
		{0F9B3411-8014-4468-96F2-22DEE203F4FD}.Release|x64.Build.0 = Release|Any CPU
		{0F9B3411-8014-4468-96F2-22DEE203F4FD}.Release|x86.ActiveCfg = Release|Any CPU
		{0F9B3411-8014-4468-96F2-22DEE203F4FD}.Release|x86.Build.0 = Release|Any CPU
		{83F82984-BB33-2997-7359-BF41FEDA9EE4}.Debug|Any CPU.ActiveCfg = Debug|Any CPU
		{83F82984-BB33-2997-7359-BF41FEDA9EE4}.Debug|Any CPU.Build.0 = Debug|Any CPU
		{83F82984-BB33-2997-7359-BF41FEDA9EE4}.Debug|ARM64.ActiveCfg = Debug|Any CPU
		{83F82984-BB33-2997-7359-BF41FEDA9EE4}.Debug|ARM64.Build.0 = Debug|Any CPU
		{83F82984-BB33-2997-7359-BF41FEDA9EE4}.Debug|x64.ActiveCfg = Debug|Any CPU
		{83F82984-BB33-2997-7359-BF41FEDA9EE4}.Debug|x64.Build.0 = Debug|Any CPU
		{83F82984-BB33-2997-7359-BF41FEDA9EE4}.Debug|x86.ActiveCfg = Debug|Any CPU
		{83F82984-BB33-2997-7359-BF41FEDA9EE4}.Debug|x86.Build.0 = Debug|Any CPU
		{83F82984-BB33-2997-7359-BF41FEDA9EE4}.Release|Any CPU.ActiveCfg = Release|Any CPU
		{83F82984-BB33-2997-7359-BF41FEDA9EE4}.Release|Any CPU.Build.0 = Release|Any CPU
		{83F82984-BB33-2997-7359-BF41FEDA9EE4}.Release|ARM64.ActiveCfg = Release|Any CPU
		{83F82984-BB33-2997-7359-BF41FEDA9EE4}.Release|ARM64.Build.0 = Release|Any CPU
		{83F82984-BB33-2997-7359-BF41FEDA9EE4}.Release|x64.ActiveCfg = Release|Any CPU
		{83F82984-BB33-2997-7359-BF41FEDA9EE4}.Release|x64.Build.0 = Release|Any CPU
		{83F82984-BB33-2997-7359-BF41FEDA9EE4}.Release|x86.ActiveCfg = Release|Any CPU
		{83F82984-BB33-2997-7359-BF41FEDA9EE4}.Release|x86.Build.0 = Release|Any CPU
		{C819B1BC-A2F7-2371-C015-C38090F5BECB}.Debug|Any CPU.ActiveCfg = Debug|Any CPU
		{C819B1BC-A2F7-2371-C015-C38090F5BECB}.Debug|Any CPU.Build.0 = Debug|Any CPU
		{C819B1BC-A2F7-2371-C015-C38090F5BECB}.Debug|ARM64.ActiveCfg = Debug|Any CPU
		{C819B1BC-A2F7-2371-C015-C38090F5BECB}.Debug|ARM64.Build.0 = Debug|Any CPU
		{C819B1BC-A2F7-2371-C015-C38090F5BECB}.Debug|x64.ActiveCfg = Debug|Any CPU
		{C819B1BC-A2F7-2371-C015-C38090F5BECB}.Debug|x64.Build.0 = Debug|Any CPU
		{C819B1BC-A2F7-2371-C015-C38090F5BECB}.Debug|x86.ActiveCfg = Debug|Any CPU
		{C819B1BC-A2F7-2371-C015-C38090F5BECB}.Debug|x86.Build.0 = Debug|Any CPU
		{C819B1BC-A2F7-2371-C015-C38090F5BECB}.Release|Any CPU.ActiveCfg = Release|Any CPU
		{C819B1BC-A2F7-2371-C015-C38090F5BECB}.Release|Any CPU.Build.0 = Release|Any CPU
		{C819B1BC-A2F7-2371-C015-C38090F5BECB}.Release|ARM64.ActiveCfg = Release|Any CPU
		{C819B1BC-A2F7-2371-C015-C38090F5BECB}.Release|ARM64.Build.0 = Release|Any CPU
		{C819B1BC-A2F7-2371-C015-C38090F5BECB}.Release|x64.ActiveCfg = Release|Any CPU
		{C819B1BC-A2F7-2371-C015-C38090F5BECB}.Release|x64.Build.0 = Release|Any CPU
		{C819B1BC-A2F7-2371-C015-C38090F5BECB}.Release|x86.ActiveCfg = Release|Any CPU
		{C819B1BC-A2F7-2371-C015-C38090F5BECB}.Release|x86.Build.0 = Release|Any CPU
		{68818826-0591-8FAF-12AD-849ADE05215A}.Debug|Any CPU.ActiveCfg = Debug|Any CPU
		{68818826-0591-8FAF-12AD-849ADE05215A}.Debug|Any CPU.Build.0 = Debug|Any CPU
		{68818826-0591-8FAF-12AD-849ADE05215A}.Debug|ARM64.ActiveCfg = Debug|Any CPU
		{68818826-0591-8FAF-12AD-849ADE05215A}.Debug|ARM64.Build.0 = Debug|Any CPU
		{68818826-0591-8FAF-12AD-849ADE05215A}.Debug|x64.ActiveCfg = Debug|Any CPU
		{68818826-0591-8FAF-12AD-849ADE05215A}.Debug|x64.Build.0 = Debug|Any CPU
		{68818826-0591-8FAF-12AD-849ADE05215A}.Debug|x86.ActiveCfg = Debug|Any CPU
		{68818826-0591-8FAF-12AD-849ADE05215A}.Debug|x86.Build.0 = Debug|Any CPU
		{68818826-0591-8FAF-12AD-849ADE05215A}.Release|Any CPU.ActiveCfg = Release|Any CPU
		{68818826-0591-8FAF-12AD-849ADE05215A}.Release|Any CPU.Build.0 = Release|Any CPU
		{68818826-0591-8FAF-12AD-849ADE05215A}.Release|ARM64.ActiveCfg = Release|Any CPU
		{68818826-0591-8FAF-12AD-849ADE05215A}.Release|ARM64.Build.0 = Release|Any CPU
		{68818826-0591-8FAF-12AD-849ADE05215A}.Release|x64.ActiveCfg = Release|Any CPU
		{68818826-0591-8FAF-12AD-849ADE05215A}.Release|x64.Build.0 = Release|Any CPU
		{68818826-0591-8FAF-12AD-849ADE05215A}.Release|x86.ActiveCfg = Release|Any CPU
		{68818826-0591-8FAF-12AD-849ADE05215A}.Release|x86.Build.0 = Release|Any CPU
	EndGlobalSection
	GlobalSection(SolutionProperties) = preSolution
		HideSolutionNode = FALSE
	EndGlobalSection
	GlobalSection(NestedProjects) = preSolution
		{A87604F9-1030-4476-B001-1E502CB636D4} = {CC1CA25E-C310-402D-8063-E90E2E7DA758}
		{727687B7-471E-4BCE-88FC-A73F8886859A} = {87A1EE39-582C-49B7-B096-4346C2B97B3B}
		{5CC04FEE-5028-4B56-B5BA-CAAD9DBDE5E8} = {6356446E-D4F5-42DE-BD9A-EC8B2605FEBC}
		{EF764832-D3D6-4CD6-BDFF-D80A0046F63C} = {6356446E-D4F5-42DE-BD9A-EC8B2605FEBC}
		{C4FCAE10-C918-49E8-B37A-F65FB8301688} = {A87604F9-1030-4476-B001-1E502CB636D4}
		{64BE93B2-653F-4512-8FE8-24E5A9449F06} = {A87604F9-1030-4476-B001-1E502CB636D4}
		{A5BD87A7-1071-436C-B711-A2D975BD519A} = {A87604F9-1030-4476-B001-1E502CB636D4}
		{EC7478CD-F574-4AE3-82F8-73E8B49F99C8} = {A87604F9-1030-4476-B001-1E502CB636D4}
		{09EED26F-39E2-483F-A46B-31486978D475} = {A87604F9-1030-4476-B001-1E502CB636D4}
		{C7D54200-949E-4F0F-B415-9106FDF7F410} = {A87604F9-1030-4476-B001-1E502CB636D4}
		{80110C61-866D-40A8-B12E-9F038CECF77A} = {6356446E-D4F5-42DE-BD9A-EC8B2605FEBC}
		{044B3A91-2C03-44B4-AD75-A7B4C0A64357} = {80110C61-866D-40A8-B12E-9F038CECF77A}
		{6D84A281-5F6D-4545-985D-12E6A3E51695} = {80110C61-866D-40A8-B12E-9F038CECF77A}
		{8A99142A-EE5B-4B25-9AAD-A1E175D5CB4A} = {6356446E-D4F5-42DE-BD9A-EC8B2605FEBC}
		{F3001F14-52D7-4B88-AFBD-DF9A72E21CB1} = {727687B7-471E-4BCE-88FC-A73F8886859A}
		{B6982CF9-00B2-4E75-8766-92B1B4AF1990} = {727687B7-471E-4BCE-88FC-A73F8886859A}
		{B868CC91-BE1B-4ED5-83FA-A5220EC3DBC1} = {727687B7-471E-4BCE-88FC-A73F8886859A}
		{02EA681E-C7D8-13C7-8484-4AC65E1B71E8} = {87A1EE39-582C-49B7-B096-4346C2B97B3B}
		{98DC43F2-D395-4AE8-9F41-4A4651E7222F} = {02EA681E-C7D8-13C7-8484-4AC65E1B71E8}
		{12C032C2-3B42-4851-9F38-6615ED5115D7} = {02EA681E-C7D8-13C7-8484-4AC65E1B71E8}
		{708F0FEE-CD87-4D97-B622-58DACC96A240} = {02EA681E-C7D8-13C7-8484-4AC65E1B71E8}
		{2293ECEB-5FF7-4943-B996-F74D2E769EF5} = {02EA681E-C7D8-13C7-8484-4AC65E1B71E8}
		{7AFDC949-547D-4EA3-B10F-AD6AF11587F3} = {87A1EE39-582C-49B7-B096-4346C2B97B3B}
		{41962F41-EA34-4450-865E-A42CB606448F} = {87A1EE39-582C-49B7-B096-4346C2B97B3B}
		{9C1D9323-A3D2-41A9-8D69-507F803C1630} = {7AFDC949-547D-4EA3-B10F-AD6AF11587F3}
		{266BD2BC-3DCC-4956-843B-D86CF3DE111B} = {7AFDC949-547D-4EA3-B10F-AD6AF11587F3}
		{D919ACB5-A046-45FB-B3DF-0A31644AF295} = {7AFDC949-547D-4EA3-B10F-AD6AF11587F3}
		{8C85284A-3297-5874-1ABD-C38172145D7D} = {41962F41-EA34-4450-865E-A42CB606448F}
		{57D1EC18-828D-DB66-CA18-B085C1F542A9} = {41962F41-EA34-4450-865E-A42CB606448F}
		{0CF06406-57ED-69F4-8AB6-3A7D2E3683CC} = {41962F41-EA34-4450-865E-A42CB606448F}
		{87A1EE39-582C-49B7-B096-4346C2B97B3B} = {CC1CA25E-C310-402D-8063-E90E2E7DA758}
		{08B73167-6CF6-461E-8CC4-93179FCC5417} = {87A1EE39-582C-49B7-B096-4346C2B97B3B}
		{B1E7DA3A-DEC5-48DB-9167-1CAFD2FE4C48} = {08B73167-6CF6-461E-8CC4-93179FCC5417}
		{F1152450-BFFF-4ADB-9943-A733FFB0795B} = {08B73167-6CF6-461E-8CC4-93179FCC5417}
		{685ECE31-339F-4C80-8678-D0E3998288BB} = {08B73167-6CF6-461E-8CC4-93179FCC5417}
		{71D4BBCC-E257-E419-EF5C-44FB6A56D5D9} = {6356446E-D4F5-42DE-BD9A-EC8B2605FEBC}
		{78EE1231-9001-C034-C24B-A5480953D0C2} = {6356446E-D4F5-42DE-BD9A-EC8B2605FEBC}
		{7EAE88DD-1528-48EE-A30A-CDA628CAA1F7} = {6356446E-D4F5-42DE-BD9A-EC8B2605FEBC}
		{ED38B4E6-4B90-4BD8-94A1-4F63F384A751} = {6356446E-D4F5-42DE-BD9A-EC8B2605FEBC}
		{48E2E743-FF99-45DC-A556-70592F495EC6} = {6356446E-D4F5-42DE-BD9A-EC8B2605FEBC}
		{DC59C2F5-4D28-4FCE-AD68-B646C2D27A01} = {6356446E-D4F5-42DE-BD9A-EC8B2605FEBC}
		{0F9B3411-8014-4468-96F2-22DEE203F4FD} = {6356446E-D4F5-42DE-BD9A-EC8B2605FEBC}
		{83F82984-BB33-2997-7359-BF41FEDA9EE4} = {6356446E-D4F5-42DE-BD9A-EC8B2605FEBC}
		{C819B1BC-A2F7-2371-C015-C38090F5BECB} = {6356446E-D4F5-42DE-BD9A-EC8B2605FEBC}
		{68818826-0591-8FAF-12AD-849ADE05215A} = {6356446E-D4F5-42DE-BD9A-EC8B2605FEBC}
	EndGlobalSection
	GlobalSection(ExtensibilityGlobals) = postSolution
		SolutionGuid = {5E51B197-2128-4474-9188-9D62E59CA8EA}
	EndGlobalSection
EndGlobal
