
Microsoft Visual Studio Solution File, Format Version 12.00
# Visual Studio Version 17
VisualStudioVersion = 17.12.35209.166
MinimumVisualStudioVersion = 10.0.40219.1
Project("{2150E333-8FDC-42A3-9474-1A3956D46DE8}") = "WebAPI", "WebAPI", "{CC1CA25E-C310-402D-8063-E90E2E7DA758}"
EndProject
Project("{2150E333-8FDC-42A3-9474-1A3956D46DE8}") = "Commons", "Commons", "{A87604F9-1030-4476-B001-1E502CB636D4}"
EndProject
Project("{2150E333-8FDC-42A3-9474-1A3956D46DE8}") = "Solution Items", "Solution Items", "{DA793FC0-5120-4A65-B10E-DD24F811E529}"
	ProjectSection(SolutionItems) = preProject
		Elara.API\.csharpierrc.json = Elara.API\.csharpierrc.json
		Elara.API\.editorconfig = Elara.API\.editorconfig
	EndProjectSection
EndProject
Project("{2150E333-8FDC-42A3-9474-1A3956D46DE8}") = "FileService", "FileService", "{727687B7-471E-4BCE-88FC-A73F8886859A}"
EndProject
Project("{2150E333-8FDC-42A3-9474-1A3956D46DE8}") = "Client", "Client", "{6356446E-D4F5-42DE-BD9A-EC8B2605FEBC}"
EndProject
Project("{2150E333-8FDC-42A3-9474-1A3956D46DE8}") = "WinUI", "WinUI", "{5CC04FEE-5028-4B56-B5BA-CAAD9DBDE5E8}"
EndProject
Project("{2150E333-8FDC-42A3-9474-1A3956D46DE8}") = "Blazor", "Blazor", "{EF764832-D3D6-4CD6-BDFF-D80A0046F63C}"
EndProject
Project("{2150E333-8FDC-42A3-9474-1A3956D46DE8}") = "Maui", "Maui", "{B6CFB90A-B649-4FDA-B2DE-8A3CB00420AA}"
EndProject
Project("{FAE04EC0-301F-11D3-BF4B-00C04F79EFBC}") = "ASPNETCore", "Backend\ASPNETCore\ASPNETCore.csproj", "{C4FCAE10-C918-49E8-B37A-F65FB8301688}"
EndProject
Project("{FAE04EC0-301F-11D3-BF4B-00C04F79EFBC}") = "DomainCommons", "Backend\DomainCommons\DomainCommons.csproj", "{64BE93B2-653F-4512-8FE8-24E5A9449F06}"
EndProject
Project("{FAE04EC0-301F-11D3-BF4B-00C04F79EFBC}") = "EventBus", "Backend\EventBus\EventBus.csproj", "{A5BD87A7-1071-436C-B711-A2D975BD519A}"
EndProject
Project("{FAE04EC0-301F-11D3-BF4B-00C04F79EFBC}") = "JWT", "Backend\JWT\JWT.csproj", "{EC7478CD-F574-4AE3-82F8-73E8B49F99C8}"
EndProject
Project("{FAE04EC0-301F-11D3-BF4B-00C04F79EFBC}") = "Initializer", "Backend\Initializer\Initializer.csproj", "{09EED26F-39E2-483F-A46B-31486978D475}"
EndProject
Project("{FAE04EC0-301F-11D3-BF4B-00C04F79EFBC}") = "Infrastructure", "Backend\Infrastructure\Infrastructure.csproj", "{C7D54200-949E-4F0F-B415-9106FDF7F410}"
EndProject
Project("{2150E333-8FDC-42A3-9474-1A3956D46DE8}") = "WPF", "WPF", "{80110C61-866D-40A8-B12E-9F038CECF77A}"
EndProject
Project("{2150E333-8FDC-42A3-9474-1A3956D46DE8}") = "SocialLink", "SocialLink", "{BB3EF482-F5BA-4AE3-AB08-DD5AB6A1208C}"
EndProject
Project("{FAE04EC0-301F-11D3-BF4B-00C04F79EFBC}") = "SocialLink.Domain", "Backend\SocialLink.Domain\SocialLink.Domain.csproj", "{5A87DEBB-3718-4782-A3EC-3E49803EE9B2}"
EndProject
Project("{FAE04EC0-301F-11D3-BF4B-00C04F79EFBC}") = "SocialLink.infrastructure", "Backend\SocialLink.infrastructure\SocialLink.infrastructure.csproj", "{9AC6B7FC-6C24-4A5C-8D4D-EF1EAF851AA5}"
EndProject
Project("{FAE04EC0-301F-11D3-BF4B-00C04F79EFBC}") = "SocialLink.WebAPI", "Backend\SocialLink.WebAPI\SocialLink.WebAPI.csproj", "{9CF24469-73BE-4116-A900-B576A1CEE6B7}"
EndProject
Project("{FAE04EC0-301F-11D3-BF4B-00C04F79EFBC}") = "Elara.wpf", "Frontend\WPF\Elara.wpf\Elara.wpf.csproj", "{044B3A91-2C03-44B4-AD75-A7B4C0A64357}"
EndProject
Project("{FAE04EC0-301F-11D3-BF4B-00C04F79EFBC}") = "Elara.Maui", "Frontend\Maui\Elara.Maui\Elara.Maui.csproj", "{D0EC0ED6-15B0-45D5-BF57-65C264FDEC31}"
EndProject
Project("{FAE04EC0-301F-11D3-BF4B-00C04F79EFBC}") = "Elara.WinUI", "Frontend\Maui\Elara.WinUI\Elara.WinUI.csproj", "{C958FC00-9C5A-4E03-884D-16E5060F2578}"
EndProject
Project("{FAE04EC0-301F-11D3-BF4B-00C04F79EFBC}") = "SocialLinkTests", "Backend\SocialLinkTests\SocialLinkTests.csproj", "{B17A594B-BF72-43E3-9AA7-6A607385E306}"
EndProject
Project("{FAE04EC0-301F-11D3-BF4B-00C04F79EFBC}") = "HttpServices", "Frontend\HttpServices\HttpServices.csproj", "{323EACFB-D165-4F8A-B3B8-934C9D57B500}"
EndProject
Project("{FAE04EC0-301F-11D3-BF4B-00C04F79EFBC}") = "Recources", "Frontend\Recources\Recources.csproj", "{48AD57FD-288D-4FBE-8C80-0AC373569FFF}"
EndProject
Project("{FAE04EC0-301F-11D3-BF4B-00C04F79EFBC}") = "Service.Abstractions", "Frontend\Service.Abstractions\Service.Abstractions.csproj", "{191BBAD0-18F9-4C37-8DCB-8C7DD8237A92}"
EndProject
Project("{FAE04EC0-301F-11D3-BF4B-00C04F79EFBC}") = "Commons", "Commons\Commons.csproj", "{93C56410-69B4-406E-86CE-24FC40D46214}"
EndProject
Project("{FAE04EC0-301F-11D3-BF4B-00C04F79EFBC}") = "Elara.wpf.Controls", "Frontend\WPF\Elara.wpf.Controls\Elara.wpf.Controls.csproj", "{6D84A281-5F6D-4545-985D-12E6A3E51695}"
EndProject
Global
	GlobalSection(SolutionConfigurationPlatforms) = preSolution
		Debug|Any CPU = Debug|Any CPU
		Debug|ARM64 = Debug|ARM64
		Debug|x64 = Debug|x64
		Debug|x86 = Debug|x86
		Release|Any CPU = Release|Any CPU
		Release|ARM64 = Release|ARM64
		Release|x64 = Release|x64
		Release|x86 = Release|x86
	EndGlobalSection
	GlobalSection(ProjectConfigurationPlatforms) = postSolution
		{C4FCAE10-C918-49E8-B37A-F65FB8301688}.Debug|Any CPU.ActiveCfg = Debug|Any CPU
		{C4FCAE10-C918-49E8-B37A-F65FB8301688}.Debug|Any CPU.Build.0 = Debug|Any CPU
		{C4FCAE10-C918-49E8-B37A-F65FB8301688}.Debug|ARM64.ActiveCfg = Debug|Any CPU
		{C4FCAE10-C918-49E8-B37A-F65FB8301688}.Debug|ARM64.Build.0 = Debug|Any CPU
		{C4FCAE10-C918-49E8-B37A-F65FB8301688}.Debug|x64.ActiveCfg = Debug|Any CPU
		{C4FCAE10-C918-49E8-B37A-F65FB8301688}.Debug|x64.Build.0 = Debug|Any CPU
		{C4FCAE10-C918-49E8-B37A-F65FB8301688}.Debug|x86.ActiveCfg = Debug|Any CPU
		{C4FCAE10-C918-49E8-B37A-F65FB8301688}.Debug|x86.Build.0 = Debug|Any CPU
		{C4FCAE10-C918-49E8-B37A-F65FB8301688}.Release|Any CPU.ActiveCfg = Release|Any CPU
		{C4FCAE10-C918-49E8-B37A-F65FB8301688}.Release|Any CPU.Build.0 = Release|Any CPU
		{C4FCAE10-C918-49E8-B37A-F65FB8301688}.Release|ARM64.ActiveCfg = Release|Any CPU
		{C4FCAE10-C918-49E8-B37A-F65FB8301688}.Release|ARM64.Build.0 = Release|Any CPU
		{C4FCAE10-C918-49E8-B37A-F65FB8301688}.Release|x64.ActiveCfg = Release|Any CPU
		{C4FCAE10-C918-49E8-B37A-F65FB8301688}.Release|x64.Build.0 = Release|Any CPU
		{C4FCAE10-C918-49E8-B37A-F65FB8301688}.Release|x86.ActiveCfg = Release|Any CPU
		{C4FCAE10-C918-49E8-B37A-F65FB8301688}.Release|x86.Build.0 = Release|Any CPU
		{64BE93B2-653F-4512-8FE8-24E5A9449F06}.Debug|Any CPU.ActiveCfg = Debug|Any CPU
		{64BE93B2-653F-4512-8FE8-24E5A9449F06}.Debug|Any CPU.Build.0 = Debug|Any CPU
		{64BE93B2-653F-4512-8FE8-24E5A9449F06}.Debug|ARM64.ActiveCfg = Debug|Any CPU
		{64BE93B2-653F-4512-8FE8-24E5A9449F06}.Debug|ARM64.Build.0 = Debug|Any CPU
		{64BE93B2-653F-4512-8FE8-24E5A9449F06}.Debug|x64.ActiveCfg = Debug|Any CPU
		{64BE93B2-653F-4512-8FE8-24E5A9449F06}.Debug|x64.Build.0 = Debug|Any CPU
		{64BE93B2-653F-4512-8FE8-24E5A9449F06}.Debug|x86.ActiveCfg = Debug|Any CPU
		{64BE93B2-653F-4512-8FE8-24E5A9449F06}.Debug|x86.Build.0 = Debug|Any CPU
		{64BE93B2-653F-4512-8FE8-24E5A9449F06}.Release|Any CPU.ActiveCfg = Release|Any CPU
		{64BE93B2-653F-4512-8FE8-24E5A9449F06}.Release|Any CPU.Build.0 = Release|Any CPU
		{64BE93B2-653F-4512-8FE8-24E5A9449F06}.Release|ARM64.ActiveCfg = Release|Any CPU
		{64BE93B2-653F-4512-8FE8-24E5A9449F06}.Release|ARM64.Build.0 = Release|Any CPU
		{64BE93B2-653F-4512-8FE8-24E5A9449F06}.Release|x64.ActiveCfg = Release|Any CPU
		{64BE93B2-653F-4512-8FE8-24E5A9449F06}.Release|x64.Build.0 = Release|Any CPU
		{64BE93B2-653F-4512-8FE8-24E5A9449F06}.Release|x86.ActiveCfg = Release|Any CPU
		{64BE93B2-653F-4512-8FE8-24E5A9449F06}.Release|x86.Build.0 = Release|Any CPU
		{A5BD87A7-1071-436C-B711-A2D975BD519A}.Debug|Any CPU.ActiveCfg = Debug|Any CPU
		{A5BD87A7-1071-436C-B711-A2D975BD519A}.Debug|Any CPU.Build.0 = Debug|Any CPU
		{A5BD87A7-1071-436C-B711-A2D975BD519A}.Debug|ARM64.ActiveCfg = Debug|Any CPU
		{A5BD87A7-1071-436C-B711-A2D975BD519A}.Debug|ARM64.Build.0 = Debug|Any CPU
		{A5BD87A7-1071-436C-B711-A2D975BD519A}.Debug|x64.ActiveCfg = Debug|Any CPU
		{A5BD87A7-1071-436C-B711-A2D975BD519A}.Debug|x64.Build.0 = Debug|Any CPU
		{A5BD87A7-1071-436C-B711-A2D975BD519A}.Debug|x86.ActiveCfg = Debug|Any CPU
		{A5BD87A7-1071-436C-B711-A2D975BD519A}.Debug|x86.Build.0 = Debug|Any CPU
		{A5BD87A7-1071-436C-B711-A2D975BD519A}.Release|Any CPU.ActiveCfg = Release|Any CPU
		{A5BD87A7-1071-436C-B711-A2D975BD519A}.Release|Any CPU.Build.0 = Release|Any CPU
		{A5BD87A7-1071-436C-B711-A2D975BD519A}.Release|ARM64.ActiveCfg = Release|Any CPU
		{A5BD87A7-1071-436C-B711-A2D975BD519A}.Release|ARM64.Build.0 = Release|Any CPU
		{A5BD87A7-1071-436C-B711-A2D975BD519A}.Release|x64.ActiveCfg = Release|Any CPU
		{A5BD87A7-1071-436C-B711-A2D975BD519A}.Release|x64.Build.0 = Release|Any CPU
		{A5BD87A7-1071-436C-B711-A2D975BD519A}.Release|x86.ActiveCfg = Release|Any CPU
		{A5BD87A7-1071-436C-B711-A2D975BD519A}.Release|x86.Build.0 = Release|Any CPU
		{EC7478CD-F574-4AE3-82F8-73E8B49F99C8}.Debug|Any CPU.ActiveCfg = Debug|Any CPU
		{EC7478CD-F574-4AE3-82F8-73E8B49F99C8}.Debug|Any CPU.Build.0 = Debug|Any CPU
		{EC7478CD-F574-4AE3-82F8-73E8B49F99C8}.Debug|ARM64.ActiveCfg = Debug|Any CPU
		{EC7478CD-F574-4AE3-82F8-73E8B49F99C8}.Debug|ARM64.Build.0 = Debug|Any CPU
		{EC7478CD-F574-4AE3-82F8-73E8B49F99C8}.Debug|x64.ActiveCfg = Debug|Any CPU
		{EC7478CD-F574-4AE3-82F8-73E8B49F99C8}.Debug|x64.Build.0 = Debug|Any CPU
		{EC7478CD-F574-4AE3-82F8-73E8B49F99C8}.Debug|x86.ActiveCfg = Debug|Any CPU
		{EC7478CD-F574-4AE3-82F8-73E8B49F99C8}.Debug|x86.Build.0 = Debug|Any CPU
		{EC7478CD-F574-4AE3-82F8-73E8B49F99C8}.Release|Any CPU.ActiveCfg = Release|Any CPU
		{EC7478CD-F574-4AE3-82F8-73E8B49F99C8}.Release|Any CPU.Build.0 = Release|Any CPU
		{EC7478CD-F574-4AE3-82F8-73E8B49F99C8}.Release|ARM64.ActiveCfg = Release|Any CPU
		{EC7478CD-F574-4AE3-82F8-73E8B49F99C8}.Release|ARM64.Build.0 = Release|Any CPU
		{EC7478CD-F574-4AE3-82F8-73E8B49F99C8}.Release|x64.ActiveCfg = Release|Any CPU
		{EC7478CD-F574-4AE3-82F8-73E8B49F99C8}.Release|x64.Build.0 = Release|Any CPU
		{EC7478CD-F574-4AE3-82F8-73E8B49F99C8}.Release|x86.ActiveCfg = Release|Any CPU
		{EC7478CD-F574-4AE3-82F8-73E8B49F99C8}.Release|x86.Build.0 = Release|Any CPU
		{09EED26F-39E2-483F-A46B-31486978D475}.Debug|Any CPU.ActiveCfg = Debug|Any CPU
		{09EED26F-39E2-483F-A46B-31486978D475}.Debug|Any CPU.Build.0 = Debug|Any CPU
		{09EED26F-39E2-483F-A46B-31486978D475}.Debug|ARM64.ActiveCfg = Debug|Any CPU
		{09EED26F-39E2-483F-A46B-31486978D475}.Debug|ARM64.Build.0 = Debug|Any CPU
		{09EED26F-39E2-483F-A46B-31486978D475}.Debug|x64.ActiveCfg = Debug|Any CPU
		{09EED26F-39E2-483F-A46B-31486978D475}.Debug|x64.Build.0 = Debug|Any CPU
		{09EED26F-39E2-483F-A46B-31486978D475}.Debug|x86.ActiveCfg = Debug|Any CPU
		{09EED26F-39E2-483F-A46B-31486978D475}.Debug|x86.Build.0 = Debug|Any CPU
		{09EED26F-39E2-483F-A46B-31486978D475}.Release|Any CPU.ActiveCfg = Release|Any CPU
		{09EED26F-39E2-483F-A46B-31486978D475}.Release|Any CPU.Build.0 = Release|Any CPU
		{09EED26F-39E2-483F-A46B-31486978D475}.Release|ARM64.ActiveCfg = Release|Any CPU
		{09EED26F-39E2-483F-A46B-31486978D475}.Release|ARM64.Build.0 = Release|Any CPU
		{09EED26F-39E2-483F-A46B-31486978D475}.Release|x64.ActiveCfg = Release|Any CPU
		{09EED26F-39E2-483F-A46B-31486978D475}.Release|x64.Build.0 = Release|Any CPU
		{09EED26F-39E2-483F-A46B-31486978D475}.Release|x86.ActiveCfg = Release|Any CPU
		{09EED26F-39E2-483F-A46B-31486978D475}.Release|x86.Build.0 = Release|Any CPU
		{C7D54200-949E-4F0F-B415-9106FDF7F410}.Debug|Any CPU.ActiveCfg = Debug|Any CPU
		{C7D54200-949E-4F0F-B415-9106FDF7F410}.Debug|Any CPU.Build.0 = Debug|Any CPU
		{C7D54200-949E-4F0F-B415-9106FDF7F410}.Debug|ARM64.ActiveCfg = Debug|Any CPU
		{C7D54200-949E-4F0F-B415-9106FDF7F410}.Debug|ARM64.Build.0 = Debug|Any CPU
		{C7D54200-949E-4F0F-B415-9106FDF7F410}.Debug|x64.ActiveCfg = Debug|Any CPU
		{C7D54200-949E-4F0F-B415-9106FDF7F410}.Debug|x64.Build.0 = Debug|Any CPU
		{C7D54200-949E-4F0F-B415-9106FDF7F410}.Debug|x86.ActiveCfg = Debug|Any CPU
		{C7D54200-949E-4F0F-B415-9106FDF7F410}.Debug|x86.Build.0 = Debug|Any CPU
		{C7D54200-949E-4F0F-B415-9106FDF7F410}.Release|Any CPU.ActiveCfg = Release|Any CPU
		{C7D54200-949E-4F0F-B415-9106FDF7F410}.Release|Any CPU.Build.0 = Release|Any CPU
		{C7D54200-949E-4F0F-B415-9106FDF7F410}.Release|ARM64.ActiveCfg = Release|Any CPU
		{C7D54200-949E-4F0F-B415-9106FDF7F410}.Release|ARM64.Build.0 = Release|Any CPU
		{C7D54200-949E-4F0F-B415-9106FDF7F410}.Release|x64.ActiveCfg = Release|Any CPU
		{C7D54200-949E-4F0F-B415-9106FDF7F410}.Release|x64.Build.0 = Release|Any CPU
		{C7D54200-949E-4F0F-B415-9106FDF7F410}.Release|x86.ActiveCfg = Release|Any CPU
		{C7D54200-949E-4F0F-B415-9106FDF7F410}.Release|x86.Build.0 = Release|Any CPU
		{5A87DEBB-3718-4782-A3EC-3E49803EE9B2}.Debug|Any CPU.ActiveCfg = Debug|Any CPU
		{5A87DEBB-3718-4782-A3EC-3E49803EE9B2}.Debug|Any CPU.Build.0 = Debug|Any CPU
		{5A87DEBB-3718-4782-A3EC-3E49803EE9B2}.Debug|ARM64.ActiveCfg = Debug|Any CPU
		{5A87DEBB-3718-4782-A3EC-3E49803EE9B2}.Debug|ARM64.Build.0 = Debug|Any CPU
		{5A87DEBB-3718-4782-A3EC-3E49803EE9B2}.Debug|x64.ActiveCfg = Debug|Any CPU
		{5A87DEBB-3718-4782-A3EC-3E49803EE9B2}.Debug|x64.Build.0 = Debug|Any CPU
		{5A87DEBB-3718-4782-A3EC-3E49803EE9B2}.Debug|x86.ActiveCfg = Debug|Any CPU
		{5A87DEBB-3718-4782-A3EC-3E49803EE9B2}.Debug|x86.Build.0 = Debug|Any CPU
		{5A87DEBB-3718-4782-A3EC-3E49803EE9B2}.Release|Any CPU.ActiveCfg = Release|Any CPU
		{5A87DEBB-3718-4782-A3EC-3E49803EE9B2}.Release|Any CPU.Build.0 = Release|Any CPU
		{5A87DEBB-3718-4782-A3EC-3E49803EE9B2}.Release|ARM64.ActiveCfg = Release|Any CPU
		{5A87DEBB-3718-4782-A3EC-3E49803EE9B2}.Release|ARM64.Build.0 = Release|Any CPU
		{5A87DEBB-3718-4782-A3EC-3E49803EE9B2}.Release|x64.ActiveCfg = Release|Any CPU
		{5A87DEBB-3718-4782-A3EC-3E49803EE9B2}.Release|x64.Build.0 = Release|Any CPU
		{5A87DEBB-3718-4782-A3EC-3E49803EE9B2}.Release|x86.ActiveCfg = Release|Any CPU
		{5A87DEBB-3718-4782-A3EC-3E49803EE9B2}.Release|x86.Build.0 = Release|Any CPU
		{9AC6B7FC-6C24-4A5C-8D4D-EF1EAF851AA5}.Debug|Any CPU.ActiveCfg = Debug|Any CPU
		{9AC6B7FC-6C24-4A5C-8D4D-EF1EAF851AA5}.Debug|Any CPU.Build.0 = Debug|Any CPU
		{9AC6B7FC-6C24-4A5C-8D4D-EF1EAF851AA5}.Debug|ARM64.ActiveCfg = Debug|Any CPU
		{9AC6B7FC-6C24-4A5C-8D4D-EF1EAF851AA5}.Debug|ARM64.Build.0 = Debug|Any CPU
		{9AC6B7FC-6C24-4A5C-8D4D-EF1EAF851AA5}.Debug|x64.ActiveCfg = Debug|Any CPU
		{9AC6B7FC-6C24-4A5C-8D4D-EF1EAF851AA5}.Debug|x64.Build.0 = Debug|Any CPU
		{9AC6B7FC-6C24-4A5C-8D4D-EF1EAF851AA5}.Debug|x86.ActiveCfg = Debug|Any CPU
		{9AC6B7FC-6C24-4A5C-8D4D-EF1EAF851AA5}.Debug|x86.Build.0 = Debug|Any CPU
		{9AC6B7FC-6C24-4A5C-8D4D-EF1EAF851AA5}.Release|Any CPU.ActiveCfg = Release|Any CPU
		{9AC6B7FC-6C24-4A5C-8D4D-EF1EAF851AA5}.Release|Any CPU.Build.0 = Release|Any CPU
		{9AC6B7FC-6C24-4A5C-8D4D-EF1EAF851AA5}.Release|ARM64.ActiveCfg = Release|Any CPU
		{9AC6B7FC-6C24-4A5C-8D4D-EF1EAF851AA5}.Release|ARM64.Build.0 = Release|Any CPU
		{9AC6B7FC-6C24-4A5C-8D4D-EF1EAF851AA5}.Release|x64.ActiveCfg = Release|Any CPU
		{9AC6B7FC-6C24-4A5C-8D4D-EF1EAF851AA5}.Release|x64.Build.0 = Release|Any CPU
		{9AC6B7FC-6C24-4A5C-8D4D-EF1EAF851AA5}.Release|x86.ActiveCfg = Release|Any CPU
		{9AC6B7FC-6C24-4A5C-8D4D-EF1EAF851AA5}.Release|x86.Build.0 = Release|Any CPU
		{9CF24469-73BE-4116-A900-B576A1CEE6B7}.Debug|Any CPU.ActiveCfg = Debug|Any CPU
		{9CF24469-73BE-4116-A900-B576A1CEE6B7}.Debug|Any CPU.Build.0 = Debug|Any CPU
		{9CF24469-73BE-4116-A900-B576A1CEE6B7}.Debug|ARM64.ActiveCfg = Debug|Any CPU
		{9CF24469-73BE-4116-A900-B576A1CEE6B7}.Debug|ARM64.Build.0 = Debug|Any CPU
		{9CF24469-73BE-4116-A900-B576A1CEE6B7}.Debug|x64.ActiveCfg = Debug|Any CPU
		{9CF24469-73BE-4116-A900-B576A1CEE6B7}.Debug|x64.Build.0 = Debug|Any CPU
		{9CF24469-73BE-4116-A900-B576A1CEE6B7}.Debug|x86.ActiveCfg = Debug|Any CPU
		{9CF24469-73BE-4116-A900-B576A1CEE6B7}.Debug|x86.Build.0 = Debug|Any CPU
		{9CF24469-73BE-4116-A900-B576A1CEE6B7}.Release|Any CPU.ActiveCfg = Release|Any CPU
		{9CF24469-73BE-4116-A900-B576A1CEE6B7}.Release|Any CPU.Build.0 = Release|Any CPU
		{9CF24469-73BE-4116-A900-B576A1CEE6B7}.Release|ARM64.ActiveCfg = Release|Any CPU
		{9CF24469-73BE-4116-A900-B576A1CEE6B7}.Release|ARM64.Build.0 = Release|Any CPU
		{9CF24469-73BE-4116-A900-B576A1CEE6B7}.Release|x64.ActiveCfg = Release|Any CPU
		{9CF24469-73BE-4116-A900-B576A1CEE6B7}.Release|x64.Build.0 = Release|Any CPU
		{9CF24469-73BE-4116-A900-B576A1CEE6B7}.Release|x86.ActiveCfg = Release|Any CPU
		{9CF24469-73BE-4116-A900-B576A1CEE6B7}.Release|x86.Build.0 = Release|Any CPU
		{044B3A91-2C03-44B4-AD75-A7B4C0A64357}.Debug|Any CPU.ActiveCfg = Debug|Any CPU
		{044B3A91-2C03-44B4-AD75-A7B4C0A64357}.Debug|Any CPU.Build.0 = Debug|Any CPU
		{044B3A91-2C03-44B4-AD75-A7B4C0A64357}.Debug|ARM64.ActiveCfg = Debug|Any CPU
		{044B3A91-2C03-44B4-AD75-A7B4C0A64357}.Debug|ARM64.Build.0 = Debug|Any CPU
		{044B3A91-2C03-44B4-AD75-A7B4C0A64357}.Debug|x64.ActiveCfg = Debug|Any CPU
		{044B3A91-2C03-44B4-AD75-A7B4C0A64357}.Debug|x64.Build.0 = Debug|Any CPU
		{044B3A91-2C03-44B4-AD75-A7B4C0A64357}.Debug|x86.ActiveCfg = Debug|Any CPU
		{044B3A91-2C03-44B4-AD75-A7B4C0A64357}.Debug|x86.Build.0 = Debug|Any CPU
		{044B3A91-2C03-44B4-AD75-A7B4C0A64357}.Release|Any CPU.ActiveCfg = Release|Any CPU
		{044B3A91-2C03-44B4-AD75-A7B4C0A64357}.Release|Any CPU.Build.0 = Release|Any CPU
		{044B3A91-2C03-44B4-AD75-A7B4C0A64357}.Release|ARM64.ActiveCfg = Release|Any CPU
		{044B3A91-2C03-44B4-AD75-A7B4C0A64357}.Release|ARM64.Build.0 = Release|Any CPU
		{044B3A91-2C03-44B4-AD75-A7B4C0A64357}.Release|x64.ActiveCfg = Release|Any CPU
		{044B3A91-2C03-44B4-AD75-A7B4C0A64357}.Release|x64.Build.0 = Release|Any CPU
		{044B3A91-2C03-44B4-AD75-A7B4C0A64357}.Release|x86.ActiveCfg = Release|Any CPU
		{044B3A91-2C03-44B4-AD75-A7B4C0A64357}.Release|x86.Build.0 = Release|Any CPU
		{D0EC0ED6-15B0-45D5-BF57-65C264FDEC31}.Debug|Any CPU.ActiveCfg = Debug|Any CPU
		{D0EC0ED6-15B0-45D5-BF57-65C264FDEC31}.Debug|Any CPU.Build.0 = Debug|Any CPU
		{D0EC0ED6-15B0-45D5-BF57-65C264FDEC31}.Debug|Any CPU.Deploy.0 = Debug|Any CPU
		{D0EC0ED6-15B0-45D5-BF57-65C264FDEC31}.Debug|ARM64.ActiveCfg = Debug|Any CPU
		{D0EC0ED6-15B0-45D5-BF57-65C264FDEC31}.Debug|ARM64.Build.0 = Debug|Any CPU
		{D0EC0ED6-15B0-45D5-BF57-65C264FDEC31}.Debug|ARM64.Deploy.0 = Debug|Any CPU
		{D0EC0ED6-15B0-45D5-BF57-65C264FDEC31}.Debug|x64.ActiveCfg = Debug|Any CPU
		{D0EC0ED6-15B0-45D5-BF57-65C264FDEC31}.Debug|x64.Build.0 = Debug|Any CPU
		{D0EC0ED6-15B0-45D5-BF57-65C264FDEC31}.Debug|x64.Deploy.0 = Debug|Any CPU
		{D0EC0ED6-15B0-45D5-BF57-65C264FDEC31}.Debug|x86.ActiveCfg = Debug|Any CPU
		{D0EC0ED6-15B0-45D5-BF57-65C264FDEC31}.Debug|x86.Build.0 = Debug|Any CPU
		{D0EC0ED6-15B0-45D5-BF57-65C264FDEC31}.Debug|x86.Deploy.0 = Debug|Any CPU
		{D0EC0ED6-15B0-45D5-BF57-65C264FDEC31}.Release|Any CPU.ActiveCfg = Release|Any CPU
		{D0EC0ED6-15B0-45D5-BF57-65C264FDEC31}.Release|Any CPU.Build.0 = Release|Any CPU
		{D0EC0ED6-15B0-45D5-BF57-65C264FDEC31}.Release|Any CPU.Deploy.0 = Release|Any CPU
		{D0EC0ED6-15B0-45D5-BF57-65C264FDEC31}.Release|ARM64.ActiveCfg = Release|Any CPU
		{D0EC0ED6-15B0-45D5-BF57-65C264FDEC31}.Release|ARM64.Build.0 = Release|Any CPU
		{D0EC0ED6-15B0-45D5-BF57-65C264FDEC31}.Release|ARM64.Deploy.0 = Release|Any CPU
		{D0EC0ED6-15B0-45D5-BF57-65C264FDEC31}.Release|x64.ActiveCfg = Release|Any CPU
		{D0EC0ED6-15B0-45D5-BF57-65C264FDEC31}.Release|x64.Build.0 = Release|Any CPU
		{D0EC0ED6-15B0-45D5-BF57-65C264FDEC31}.Release|x64.Deploy.0 = Release|Any CPU
		{D0EC0ED6-15B0-45D5-BF57-65C264FDEC31}.Release|x86.ActiveCfg = Release|Any CPU
		{D0EC0ED6-15B0-45D5-BF57-65C264FDEC31}.Release|x86.Build.0 = Release|Any CPU
		{D0EC0ED6-15B0-45D5-BF57-65C264FDEC31}.Release|x86.Deploy.0 = Release|Any CPU
		{C958FC00-9C5A-4E03-884D-16E5060F2578}.Debug|Any CPU.ActiveCfg = Debug|x64
		{C958FC00-9C5A-4E03-884D-16E5060F2578}.Debug|Any CPU.Build.0 = Debug|x64
		{C958FC00-9C5A-4E03-884D-16E5060F2578}.Debug|Any CPU.Deploy.0 = Debug|x64
		{C958FC00-9C5A-4E03-884D-16E5060F2578}.Debug|ARM64.ActiveCfg = Debug|ARM64
		{C958FC00-9C5A-4E03-884D-16E5060F2578}.Debug|ARM64.Build.0 = Debug|ARM64
		{C958FC00-9C5A-4E03-884D-16E5060F2578}.Debug|ARM64.Deploy.0 = Debug|ARM64
		{C958FC00-9C5A-4E03-884D-16E5060F2578}.Debug|x64.ActiveCfg = Debug|x64
		{C958FC00-9C5A-4E03-884D-16E5060F2578}.Debug|x64.Build.0 = Debug|x64
		{C958FC00-9C5A-4E03-884D-16E5060F2578}.Debug|x64.Deploy.0 = Debug|x64
		{C958FC00-9C5A-4E03-884D-16E5060F2578}.Debug|x86.ActiveCfg = Debug|x86
		{C958FC00-9C5A-4E03-884D-16E5060F2578}.Debug|x86.Build.0 = Debug|x86
		{C958FC00-9C5A-4E03-884D-16E5060F2578}.Debug|x86.Deploy.0 = Debug|x86
		{C958FC00-9C5A-4E03-884D-16E5060F2578}.Release|Any CPU.ActiveCfg = Release|x64
		{C958FC00-9C5A-4E03-884D-16E5060F2578}.Release|Any CPU.Build.0 = Release|x64
		{C958FC00-9C5A-4E03-884D-16E5060F2578}.Release|Any CPU.Deploy.0 = Release|x64
		{C958FC00-9C5A-4E03-884D-16E5060F2578}.Release|ARM64.ActiveCfg = Release|ARM64
		{C958FC00-9C5A-4E03-884D-16E5060F2578}.Release|ARM64.Build.0 = Release|ARM64
		{C958FC00-9C5A-4E03-884D-16E5060F2578}.Release|ARM64.Deploy.0 = Release|ARM64
		{C958FC00-9C5A-4E03-884D-16E5060F2578}.Release|x64.ActiveCfg = Release|x64
		{C958FC00-9C5A-4E03-884D-16E5060F2578}.Release|x64.Build.0 = Release|x64
		{C958FC00-9C5A-4E03-884D-16E5060F2578}.Release|x64.Deploy.0 = Release|x64
		{C958FC00-9C5A-4E03-884D-16E5060F2578}.Release|x86.ActiveCfg = Release|x86
		{C958FC00-9C5A-4E03-884D-16E5060F2578}.Release|x86.Build.0 = Release|x86
		{C958FC00-9C5A-4E03-884D-16E5060F2578}.Release|x86.Deploy.0 = Release|x86
		{B17A594B-BF72-43E3-9AA7-6A607385E306}.Debug|Any CPU.ActiveCfg = Debug|Any CPU
		{B17A594B-BF72-43E3-9AA7-6A607385E306}.Debug|Any CPU.Build.0 = Debug|Any CPU
		{B17A594B-BF72-43E3-9AA7-6A607385E306}.Debug|ARM64.ActiveCfg = Debug|Any CPU
		{B17A594B-BF72-43E3-9AA7-6A607385E306}.Debug|ARM64.Build.0 = Debug|Any CPU
		{B17A594B-BF72-43E3-9AA7-6A607385E306}.Debug|x64.ActiveCfg = Debug|Any CPU
		{B17A594B-BF72-43E3-9AA7-6A607385E306}.Debug|x64.Build.0 = Debug|Any CPU
		{B17A594B-BF72-43E3-9AA7-6A607385E306}.Debug|x86.ActiveCfg = Debug|Any CPU
		{B17A594B-BF72-43E3-9AA7-6A607385E306}.Debug|x86.Build.0 = Debug|Any CPU
		{B17A594B-BF72-43E3-9AA7-6A607385E306}.Release|Any CPU.ActiveCfg = Release|Any CPU
		{B17A594B-BF72-43E3-9AA7-6A607385E306}.Release|Any CPU.Build.0 = Release|Any CPU
		{B17A594B-BF72-43E3-9AA7-6A607385E306}.Release|ARM64.ActiveCfg = Release|Any CPU
		{B17A594B-BF72-43E3-9AA7-6A607385E306}.Release|ARM64.Build.0 = Release|Any CPU
		{B17A594B-BF72-43E3-9AA7-6A607385E306}.Release|x64.ActiveCfg = Release|Any CPU
		{B17A594B-BF72-43E3-9AA7-6A607385E306}.Release|x64.Build.0 = Release|Any CPU
		{B17A594B-BF72-43E3-9AA7-6A607385E306}.Release|x86.ActiveCfg = Release|Any CPU
		{B17A594B-BF72-43E3-9AA7-6A607385E306}.Release|x86.Build.0 = Release|Any CPU
		{323EACFB-D165-4F8A-B3B8-934C9D57B500}.Debug|Any CPU.ActiveCfg = Debug|Any CPU
		{323EACFB-D165-4F8A-B3B8-934C9D57B500}.Debug|Any CPU.Build.0 = Debug|Any CPU
		{323EACFB-D165-4F8A-B3B8-934C9D57B500}.Debug|ARM64.ActiveCfg = Debug|Any CPU
		{323EACFB-D165-4F8A-B3B8-934C9D57B500}.Debug|ARM64.Build.0 = Debug|Any CPU
		{323EACFB-D165-4F8A-B3B8-934C9D57B500}.Debug|x64.ActiveCfg = Debug|Any CPU
		{323EACFB-D165-4F8A-B3B8-934C9D57B500}.Debug|x64.Build.0 = Debug|Any CPU
		{323EACFB-D165-4F8A-B3B8-934C9D57B500}.Debug|x86.ActiveCfg = Debug|Any CPU
		{323EACFB-D165-4F8A-B3B8-934C9D57B500}.Debug|x86.Build.0 = Debug|Any CPU
		{323EACFB-D165-4F8A-B3B8-934C9D57B500}.Release|Any CPU.ActiveCfg = Release|Any CPU
		{323EACFB-D165-4F8A-B3B8-934C9D57B500}.Release|Any CPU.Build.0 = Release|Any CPU
		{323EACFB-D165-4F8A-B3B8-934C9D57B500}.Release|ARM64.ActiveCfg = Release|Any CPU
		{323EACFB-D165-4F8A-B3B8-934C9D57B500}.Release|ARM64.Build.0 = Release|Any CPU
		{323EACFB-D165-4F8A-B3B8-934C9D57B500}.Release|x64.ActiveCfg = Release|Any CPU
		{323EACFB-D165-4F8A-B3B8-934C9D57B500}.Release|x64.Build.0 = Release|Any CPU
		{323EACFB-D165-4F8A-B3B8-934C9D57B500}.Release|x86.ActiveCfg = Release|Any CPU
		{323EACFB-D165-4F8A-B3B8-934C9D57B500}.Release|x86.Build.0 = Release|Any CPU
		{48AD57FD-288D-4FBE-8C80-0AC373569FFF}.Debug|Any CPU.ActiveCfg = Debug|Any CPU
		{48AD57FD-288D-4FBE-8C80-0AC373569FFF}.Debug|Any CPU.Build.0 = Debug|Any CPU
		{48AD57FD-288D-4FBE-8C80-0AC373569FFF}.Debug|ARM64.ActiveCfg = Debug|Any CPU
		{48AD57FD-288D-4FBE-8C80-0AC373569FFF}.Debug|ARM64.Build.0 = Debug|Any CPU
		{48AD57FD-288D-4FBE-8C80-0AC373569FFF}.Debug|x64.ActiveCfg = Debug|Any CPU
		{48AD57FD-288D-4FBE-8C80-0AC373569FFF}.Debug|x64.Build.0 = Debug|Any CPU
		{48AD57FD-288D-4FBE-8C80-0AC373569FFF}.Debug|x86.ActiveCfg = Debug|Any CPU
		{48AD57FD-288D-4FBE-8C80-0AC373569FFF}.Debug|x86.Build.0 = Debug|Any CPU
		{48AD57FD-288D-4FBE-8C80-0AC373569FFF}.Release|Any CPU.ActiveCfg = Release|Any CPU
		{48AD57FD-288D-4FBE-8C80-0AC373569FFF}.Release|Any CPU.Build.0 = Release|Any CPU
		{48AD57FD-288D-4FBE-8C80-0AC373569FFF}.Release|ARM64.ActiveCfg = Release|Any CPU
		{48AD57FD-288D-4FBE-8C80-0AC373569FFF}.Release|ARM64.Build.0 = Release|Any CPU
		{48AD57FD-288D-4FBE-8C80-0AC373569FFF}.Release|x64.ActiveCfg = Release|Any CPU
		{48AD57FD-288D-4FBE-8C80-0AC373569FFF}.Release|x64.Build.0 = Release|Any CPU
		{48AD57FD-288D-4FBE-8C80-0AC373569FFF}.Release|x86.ActiveCfg = Release|Any CPU
		{48AD57FD-288D-4FBE-8C80-0AC373569FFF}.Release|x86.Build.0 = Release|Any CPU
		{191BBAD0-18F9-4C37-8DCB-8C7DD8237A92}.Debug|Any CPU.ActiveCfg = Debug|Any CPU
		{191BBAD0-18F9-4C37-8DCB-8C7DD8237A92}.Debug|Any CPU.Build.0 = Debug|Any CPU
		{191BBAD0-18F9-4C37-8DCB-8C7DD8237A92}.Debug|ARM64.ActiveCfg = Debug|Any CPU
		{191BBAD0-18F9-4C37-8DCB-8C7DD8237A92}.Debug|ARM64.Build.0 = Debug|Any CPU
		{191BBAD0-18F9-4C37-8DCB-8C7DD8237A92}.Debug|x64.ActiveCfg = Debug|Any CPU
		{191BBAD0-18F9-4C37-8DCB-8C7DD8237A92}.Debug|x64.Build.0 = Debug|Any CPU
		{191BBAD0-18F9-4C37-8DCB-8C7DD8237A92}.Debug|x86.ActiveCfg = Debug|Any CPU
		{191BBAD0-18F9-4C37-8DCB-8C7DD8237A92}.Debug|x86.Build.0 = Debug|Any CPU
		{191BBAD0-18F9-4C37-8DCB-8C7DD8237A92}.Release|Any CPU.ActiveCfg = Release|Any CPU
		{191BBAD0-18F9-4C37-8DCB-8C7DD8237A92}.Release|Any CPU.Build.0 = Release|Any CPU
		{191BBAD0-18F9-4C37-8DCB-8C7DD8237A92}.Release|ARM64.ActiveCfg = Release|Any CPU
		{191BBAD0-18F9-4C37-8DCB-8C7DD8237A92}.Release|ARM64.Build.0 = Release|Any CPU
		{191BBAD0-18F9-4C37-8DCB-8C7DD8237A92}.Release|x64.ActiveCfg = Release|Any CPU
		{191BBAD0-18F9-4C37-8DCB-8C7DD8237A92}.Release|x64.Build.0 = Release|Any CPU
		{191BBAD0-18F9-4C37-8DCB-8C7DD8237A92}.Release|x86.ActiveCfg = Release|Any CPU
		{191BBAD0-18F9-4C37-8DCB-8C7DD8237A92}.Release|x86.Build.0 = Release|Any CPU
		{93C56410-69B4-406E-86CE-24FC40D46214}.Debug|Any CPU.ActiveCfg = Debug|Any CPU
		{93C56410-69B4-406E-86CE-24FC40D46214}.Debug|Any CPU.Build.0 = Debug|Any CPU
		{93C56410-69B4-406E-86CE-24FC40D46214}.Debug|ARM64.ActiveCfg = Debug|Any CPU
		{93C56410-69B4-406E-86CE-24FC40D46214}.Debug|ARM64.Build.0 = Debug|Any CPU
		{93C56410-69B4-406E-86CE-24FC40D46214}.Debug|x64.ActiveCfg = Debug|Any CPU
		{93C56410-69B4-406E-86CE-24FC40D46214}.Debug|x64.Build.0 = Debug|Any CPU
		{93C56410-69B4-406E-86CE-24FC40D46214}.Debug|x86.ActiveCfg = Debug|Any CPU
		{93C56410-69B4-406E-86CE-24FC40D46214}.Debug|x86.Build.0 = Debug|Any CPU
		{93C56410-69B4-406E-86CE-24FC40D46214}.Release|Any CPU.ActiveCfg = Release|Any CPU
		{93C56410-69B4-406E-86CE-24FC40D46214}.Release|Any CPU.Build.0 = Release|Any CPU
		{93C56410-69B4-406E-86CE-24FC40D46214}.Release|ARM64.ActiveCfg = Release|Any CPU
		{93C56410-69B4-406E-86CE-24FC40D46214}.Release|ARM64.Build.0 = Release|Any CPU
		{93C56410-69B4-406E-86CE-24FC40D46214}.Release|x64.ActiveCfg = Release|Any CPU
		{93C56410-69B4-406E-86CE-24FC40D46214}.Release|x64.Build.0 = Release|Any CPU
		{93C56410-69B4-406E-86CE-24FC40D46214}.Release|x86.ActiveCfg = Release|Any CPU
		{93C56410-69B4-406E-86CE-24FC40D46214}.Release|x86.Build.0 = Release|Any CPU
		{6D84A281-5F6D-4545-985D-12E6A3E51695}.Debug|Any CPU.ActiveCfg = Debug|Any CPU
		{6D84A281-5F6D-4545-985D-12E6A3E51695}.Debug|Any CPU.Build.0 = Debug|Any CPU
		{6D84A281-5F6D-4545-985D-12E6A3E51695}.Debug|ARM64.ActiveCfg = Debug|Any CPU
		{6D84A281-5F6D-4545-985D-12E6A3E51695}.Debug|ARM64.Build.0 = Debug|Any CPU
		{6D84A281-5F6D-4545-985D-12E6A3E51695}.Debug|x64.ActiveCfg = Debug|Any CPU
		{6D84A281-5F6D-4545-985D-12E6A3E51695}.Debug|x64.Build.0 = Debug|Any CPU
		{6D84A281-5F6D-4545-985D-12E6A3E51695}.Debug|x86.ActiveCfg = Debug|Any CPU
		{6D84A281-5F6D-4545-985D-12E6A3E51695}.Debug|x86.Build.0 = Debug|Any CPU
		{6D84A281-5F6D-4545-985D-12E6A3E51695}.Release|Any CPU.ActiveCfg = Release|Any CPU
		{6D84A281-5F6D-4545-985D-12E6A3E51695}.Release|Any CPU.Build.0 = Release|Any CPU
		{6D84A281-5F6D-4545-985D-12E6A3E51695}.Release|ARM64.ActiveCfg = Release|Any CPU
		{6D84A281-5F6D-4545-985D-12E6A3E51695}.Release|ARM64.Build.0 = Release|Any CPU
		{6D84A281-5F6D-4545-985D-12E6A3E51695}.Release|x64.ActiveCfg = Release|Any CPU
		{6D84A281-5F6D-4545-985D-12E6A3E51695}.Release|x64.Build.0 = Release|Any CPU
		{6D84A281-5F6D-4545-985D-12E6A3E51695}.Release|x86.ActiveCfg = Release|Any CPU
		{6D84A281-5F6D-4545-985D-12E6A3E51695}.Release|x86.Build.0 = Release|Any CPU
	EndGlobalSection
	GlobalSection(SolutionProperties) = preSolution
		HideSolutionNode = FALSE
	EndGlobalSection
	GlobalSection(NestedProjects) = preSolution
		{A87604F9-1030-4476-B001-1E502CB636D4} = {CC1CA25E-C310-402D-8063-E90E2E7DA758}
		{727687B7-471E-4BCE-88FC-A73F8886859A} = {CC1CA25E-C310-402D-8063-E90E2E7DA758}
		{5CC04FEE-5028-4B56-B5BA-CAAD9DBDE5E8} = {6356446E-D4F5-42DE-BD9A-EC8B2605FEBC}
		{EF764832-D3D6-4CD6-BDFF-D80A0046F63C} = {6356446E-D4F5-42DE-BD9A-EC8B2605FEBC}
		{B6CFB90A-B649-4FDA-B2DE-8A3CB00420AA} = {6356446E-D4F5-42DE-BD9A-EC8B2605FEBC}
		{C4FCAE10-C918-49E8-B37A-F65FB8301688} = {A87604F9-1030-4476-B001-1E502CB636D4}
		{64BE93B2-653F-4512-8FE8-24E5A9449F06} = {A87604F9-1030-4476-B001-1E502CB636D4}
		{A5BD87A7-1071-436C-B711-A2D975BD519A} = {A87604F9-1030-4476-B001-1E502CB636D4}
		{EC7478CD-F574-4AE3-82F8-73E8B49F99C8} = {A87604F9-1030-4476-B001-1E502CB636D4}
		{09EED26F-39E2-483F-A46B-31486978D475} = {A87604F9-1030-4476-B001-1E502CB636D4}
		{C7D54200-949E-4F0F-B415-9106FDF7F410} = {A87604F9-1030-4476-B001-1E502CB636D4}
		{80110C61-866D-40A8-B12E-9F038CECF77A} = {6356446E-D4F5-42DE-BD9A-EC8B2605FEBC}
		{BB3EF482-F5BA-4AE3-AB08-DD5AB6A1208C} = {CC1CA25E-C310-402D-8063-E90E2E7DA758}
		{5A87DEBB-3718-4782-A3EC-3E49803EE9B2} = {BB3EF482-F5BA-4AE3-AB08-DD5AB6A1208C}
		{9AC6B7FC-6C24-4A5C-8D4D-EF1EAF851AA5} = {BB3EF482-F5BA-4AE3-AB08-DD5AB6A1208C}
		{9CF24469-73BE-4116-A900-B576A1CEE6B7} = {BB3EF482-F5BA-4AE3-AB08-DD5AB6A1208C}
		{044B3A91-2C03-44B4-AD75-A7B4C0A64357} = {80110C61-866D-40A8-B12E-9F038CECF77A}
		{D0EC0ED6-15B0-45D5-BF57-65C264FDEC31} = {B6CFB90A-B649-4FDA-B2DE-8A3CB00420AA}
		{C958FC00-9C5A-4E03-884D-16E5060F2578} = {5CC04FEE-5028-4B56-B5BA-CAAD9DBDE5E8}
		{B17A594B-BF72-43E3-9AA7-6A607385E306} = {BB3EF482-F5BA-4AE3-AB08-DD5AB6A1208C}
		{323EACFB-D165-4F8A-B3B8-934C9D57B500} = {6356446E-D4F5-42DE-BD9A-EC8B2605FEBC}
		{48AD57FD-288D-4FBE-8C80-0AC373569FFF} = {6356446E-D4F5-42DE-BD9A-EC8B2605FEBC}
		{191BBAD0-18F9-4C37-8DCB-8C7DD8237A92} = {6356446E-D4F5-42DE-BD9A-EC8B2605FEBC}
		{6D84A281-5F6D-4545-985D-12E6A3E51695} = {80110C61-866D-40A8-B12E-9F038CECF77A}
	EndGlobalSection
	GlobalSection(ExtensibilityGlobals) = postSolution
		SolutionGuid = {5E51B197-2128-4474-9188-9D62E59CA8EA}
	EndGlobalSection
EndGlobal
