
Microsoft Visual Studio Solution File, Format Version 12.00
# Visual Studio Version 17
VisualStudioVersion = 17.12.35209.166
MinimumVisualStudioVersion = 10.0.40219.1
Project("{2150E333-8FDC-42A3-9474-1A3956D46DE8}") = "WebAPI", "WebAPI", "{CC1CA25E-C310-402D-8063-E90E2E7DA758}"
EndProject
Project("{2150E333-8FDC-42A3-9474-1A3956D46DE8}") = "Commons", "Commons", "{A87604F9-1030-4476-B001-1E502CB636D4}"
EndProject
Project("{2150E333-8FDC-42A3-9474-1A3956D46DE8}") = "IdentityService", "IdentityService", "{A83FC0A7-39A7-4D50-80CB-D171367D427A}"
EndProject
Project("{2150E333-8FDC-42A3-9474-1A3956D46DE8}") = "Solution Items", "Solution Items", "{DA793FC0-5120-4A65-B10E-DD24F811E529}"
	ProjectSection(SolutionItems) = preProject
		Elara.API\.csharpierrc.json = Elara.API\.csharpierrc.json
		Elara.API\.editorconfig = Elara.API\.editorconfig
	EndProjectSection
EndProject
Project("{2150E333-8FDC-42A3-9474-1A3956D46DE8}") = "FileService", "FileService", "{727687B7-471E-4BCE-88FC-A73F8886859A}"
EndProject
Project("{2150E333-8FDC-42A3-9474-1A3956D46DE8}") = "Client", "Client", "{6356446E-D4F5-42DE-BD9A-EC8B2605FEBC}"
EndProject
Project("{2150E333-8FDC-42A3-9474-1A3956D46DE8}") = "WPF", "WPF", "{D6B94788-99CE-484D-B39E-1B245DDC6FB0}"
EndProject
Project("{2150E333-8FDC-42A3-9474-1A3956D46DE8}") = "WinUI", "WinUI", "{5CC04FEE-5028-4B56-B5BA-CAAD9DBDE5E8}"
EndProject
Project("{2150E333-8FDC-42A3-9474-1A3956D46DE8}") = "Blazor", "Blazor", "{EF764832-D3D6-4CD6-BDFF-D80A0046F63C}"
EndProject
Project("{2150E333-8FDC-42A3-9474-1A3956D46DE8}") = "Maui", "Maui", "{B6CFB90A-B649-4FDA-B2DE-8A3CB00420AA}"
EndProject
Project("{2150E333-8FDC-42A3-9474-1A3956D46DE8}") = "ToDo", "ToDo", "{A0822F50-E9D9-4751-A5FF-A69A40DE91B7}"
EndProject
Project("{FAE04EC0-301F-11D3-BF4B-00C04F79EFBC}") = "ASPNETCore", "Backend\ASPNETCore\ASPNETCore.csproj", "{C4FCAE10-C918-49E8-B37A-F65FB8301688}"
EndProject
Project("{FAE04EC0-301F-11D3-BF4B-00C04F79EFBC}") = "Commons", "Backend\Commons\Commons.csproj", "{131DD09E-03EA-4650-8731-B295CBF64DB3}"
EndProject
Project("{FAE04EC0-301F-11D3-BF4B-00C04F79EFBC}") = "DomainCommons", "Backend\DomainCommons\DomainCommons.csproj", "{64BE93B2-653F-4512-8FE8-24E5A9449F06}"
EndProject
Project("{FAE04EC0-301F-11D3-BF4B-00C04F79EFBC}") = "EventBus", "Backend\EventBus\EventBus.csproj", "{A5BD87A7-1071-436C-B711-A2D975BD519A}"
EndProject
Project("{FAE04EC0-301F-11D3-BF4B-00C04F79EFBC}") = "JWT", "Backend\JWT\JWT.csproj", "{EC7478CD-F574-4AE3-82F8-73E8B49F99C8}"
EndProject
Project("{FAE04EC0-301F-11D3-BF4B-00C04F79EFBC}") = "Initializer", "Backend\Initializer\Initializer.csproj", "{09EED26F-39E2-483F-A46B-31486978D475}"
EndProject
Project("{FAE04EC0-301F-11D3-BF4B-00C04F79EFBC}") = "Infrastructure", "Backend\Infrastructure\Infrastructure.csproj", "{C7D54200-949E-4F0F-B415-9106FDF7F410}"
EndProject
Project("{FAE04EC0-301F-11D3-BF4B-00C04F79EFBC}") = "IdentityService.Domain", "Backend\IdentityService.Domain\IdentityService.Domain.csproj", "{72541915-1F62-4893-B549-F4E848352E92}"
EndProject
Project("{FAE04EC0-301F-11D3-BF4B-00C04F79EFBC}") = "IdentityService.WebAPI", "Backend\IdentityService.WebAPI\IdentityService.WebAPI.csproj", "{E6C4B3DA-C7AB-4C92-8DEC-6ABA5BB15351}"
EndProject
Project("{FAE04EC0-301F-11D3-BF4B-00C04F79EFBC}") = "IdentityService.Infrastructure", "Backend\IdentityService.Infrastructure\IdentityService.Infrastructure.csproj", "{7F926486-17EB-4761-BA0F-8A385AADC0D1}"
EndProject
Project("{2150E333-8FDC-42A3-9474-1A3956D46DE8}") = "Tests", "Tests", "{A2641F89-1F82-4390-B3D6-A281672A3897}"
	ProjectSection(SolutionItems) = preProject
		Backend\IdentityService.WebAPI.Tests\IdentityService.WebAPI.Tests.csproj = Backend\IdentityService.WebAPI.Tests\IdentityService.WebAPI.Tests.csproj
	EndProjectSection
EndProject
Project("{FAE04EC0-301F-11D3-BF4B-00C04F79EFBC}") = "IdentityService.Infrastructure.Tests", "Backend\IdentityService.Infrastructure.Tests\IdentityService.Infrastructure.Tests.csproj", "{12AA96D0-B8C5-455A-82A5-C30F88B63E8F}"
EndProject
Project("{FAE04EC0-301F-11D3-BF4B-00C04F79EFBC}") = "Elara.WPF", "Frontend\Elara.WPF\Elara.WPF.csproj", "{04EBBD57-DF8E-4C99-8DCA-99633B24CCBE}"
EndProject
Global
	GlobalSection(SolutionConfigurationPlatforms) = preSolution
		Debug|Any CPU = Debug|Any CPU
		Release|Any CPU = Release|Any CPU
	EndGlobalSection
	GlobalSection(ProjectConfigurationPlatforms) = postSolution
		{C4FCAE10-C918-49E8-B37A-F65FB8301688}.Debug|Any CPU.ActiveCfg = Debug|Any CPU
		{C4FCAE10-C918-49E8-B37A-F65FB8301688}.Debug|Any CPU.Build.0 = Debug|Any CPU
		{C4FCAE10-C918-49E8-B37A-F65FB8301688}.Release|Any CPU.ActiveCfg = Release|Any CPU
		{C4FCAE10-C918-49E8-B37A-F65FB8301688}.Release|Any CPU.Build.0 = Release|Any CPU
		{131DD09E-03EA-4650-8731-B295CBF64DB3}.Debug|Any CPU.ActiveCfg = Debug|Any CPU
		{131DD09E-03EA-4650-8731-B295CBF64DB3}.Debug|Any CPU.Build.0 = Debug|Any CPU
		{131DD09E-03EA-4650-8731-B295CBF64DB3}.Release|Any CPU.ActiveCfg = Release|Any CPU
		{131DD09E-03EA-4650-8731-B295CBF64DB3}.Release|Any CPU.Build.0 = Release|Any CPU
		{64BE93B2-653F-4512-8FE8-24E5A9449F06}.Debug|Any CPU.ActiveCfg = Debug|Any CPU
		{64BE93B2-653F-4512-8FE8-24E5A9449F06}.Debug|Any CPU.Build.0 = Debug|Any CPU
		{64BE93B2-653F-4512-8FE8-24E5A9449F06}.Release|Any CPU.ActiveCfg = Release|Any CPU
		{64BE93B2-653F-4512-8FE8-24E5A9449F06}.Release|Any CPU.Build.0 = Release|Any CPU
		{A5BD87A7-1071-436C-B711-A2D975BD519A}.Debug|Any CPU.ActiveCfg = Debug|Any CPU
		{A5BD87A7-1071-436C-B711-A2D975BD519A}.Debug|Any CPU.Build.0 = Debug|Any CPU
		{A5BD87A7-1071-436C-B711-A2D975BD519A}.Release|Any CPU.ActiveCfg = Release|Any CPU
		{A5BD87A7-1071-436C-B711-A2D975BD519A}.Release|Any CPU.Build.0 = Release|Any CPU
		{EC7478CD-F574-4AE3-82F8-73E8B49F99C8}.Debug|Any CPU.ActiveCfg = Debug|Any CPU
		{EC7478CD-F574-4AE3-82F8-73E8B49F99C8}.Debug|Any CPU.Build.0 = Debug|Any CPU
		{EC7478CD-F574-4AE3-82F8-73E8B49F99C8}.Release|Any CPU.ActiveCfg = Release|Any CPU
		{EC7478CD-F574-4AE3-82F8-73E8B49F99C8}.Release|Any CPU.Build.0 = Release|Any CPU
		{09EED26F-39E2-483F-A46B-31486978D475}.Debug|Any CPU.ActiveCfg = Debug|Any CPU
		{09EED26F-39E2-483F-A46B-31486978D475}.Debug|Any CPU.Build.0 = Debug|Any CPU
		{09EED26F-39E2-483F-A46B-31486978D475}.Release|Any CPU.ActiveCfg = Release|Any CPU
		{09EED26F-39E2-483F-A46B-31486978D475}.Release|Any CPU.Build.0 = Release|Any CPU
		{C7D54200-949E-4F0F-B415-9106FDF7F410}.Debug|Any CPU.ActiveCfg = Debug|Any CPU
		{C7D54200-949E-4F0F-B415-9106FDF7F410}.Debug|Any CPU.Build.0 = Debug|Any CPU
		{C7D54200-949E-4F0F-B415-9106FDF7F410}.Release|Any CPU.ActiveCfg = Release|Any CPU
		{C7D54200-949E-4F0F-B415-9106FDF7F410}.Release|Any CPU.Build.0 = Release|Any CPU
		{72541915-1F62-4893-B549-F4E848352E92}.Debug|Any CPU.ActiveCfg = Debug|Any CPU
		{72541915-1F62-4893-B549-F4E848352E92}.Debug|Any CPU.Build.0 = Debug|Any CPU
		{72541915-1F62-4893-B549-F4E848352E92}.Release|Any CPU.ActiveCfg = Release|Any CPU
		{72541915-1F62-4893-B549-F4E848352E92}.Release|Any CPU.Build.0 = Release|Any CPU
		{E6C4B3DA-C7AB-4C92-8DEC-6ABA5BB15351}.Debug|Any CPU.ActiveCfg = Debug|Any CPU
		{E6C4B3DA-C7AB-4C92-8DEC-6ABA5BB15351}.Debug|Any CPU.Build.0 = Debug|Any CPU
		{E6C4B3DA-C7AB-4C92-8DEC-6ABA5BB15351}.Release|Any CPU.ActiveCfg = Release|Any CPU
		{E6C4B3DA-C7AB-4C92-8DEC-6ABA5BB15351}.Release|Any CPU.Build.0 = Release|Any CPU
		{7F926486-17EB-4761-BA0F-8A385AADC0D1}.Debug|Any CPU.ActiveCfg = Debug|Any CPU
		{7F926486-17EB-4761-BA0F-8A385AADC0D1}.Debug|Any CPU.Build.0 = Debug|Any CPU
		{7F926486-17EB-4761-BA0F-8A385AADC0D1}.Release|Any CPU.ActiveCfg = Release|Any CPU
		{7F926486-17EB-4761-BA0F-8A385AADC0D1}.Release|Any CPU.Build.0 = Release|Any CPU
		{12AA96D0-B8C5-455A-82A5-C30F88B63E8F}.Debug|Any CPU.ActiveCfg = Debug|Any CPU
		{12AA96D0-B8C5-455A-82A5-C30F88B63E8F}.Debug|Any CPU.Build.0 = Debug|Any CPU
		{12AA96D0-B8C5-455A-82A5-C30F88B63E8F}.Release|Any CPU.ActiveCfg = Release|Any CPU
		{12AA96D0-B8C5-455A-82A5-C30F88B63E8F}.Release|Any CPU.Build.0 = Release|Any CPU
		{04EBBD57-DF8E-4C99-8DCA-99633B24CCBE}.Debug|Any CPU.ActiveCfg = Debug|Any CPU
		{04EBBD57-DF8E-4C99-8DCA-99633B24CCBE}.Debug|Any CPU.Build.0 = Debug|Any CPU
		{04EBBD57-DF8E-4C99-8DCA-99633B24CCBE}.Release|Any CPU.ActiveCfg = Release|Any CPU
		{04EBBD57-DF8E-4C99-8DCA-99633B24CCBE}.Release|Any CPU.Build.0 = Release|Any CPU
	EndGlobalSection
	GlobalSection(SolutionProperties) = preSolution
		HideSolutionNode = FALSE
	EndGlobalSection
	GlobalSection(NestedProjects) = preSolution
		{A87604F9-1030-4476-B001-1E502CB636D4} = {CC1CA25E-C310-402D-8063-E90E2E7DA758}
		{A83FC0A7-39A7-4D50-80CB-D171367D427A} = {CC1CA25E-C310-402D-8063-E90E2E7DA758}
		{727687B7-471E-4BCE-88FC-A73F8886859A} = {CC1CA25E-C310-402D-8063-E90E2E7DA758}
		{D6B94788-99CE-484D-B39E-1B245DDC6FB0} = {6356446E-D4F5-42DE-BD9A-EC8B2605FEBC}
		{5CC04FEE-5028-4B56-B5BA-CAAD9DBDE5E8} = {6356446E-D4F5-42DE-BD9A-EC8B2605FEBC}
		{EF764832-D3D6-4CD6-BDFF-D80A0046F63C} = {6356446E-D4F5-42DE-BD9A-EC8B2605FEBC}
		{B6CFB90A-B649-4FDA-B2DE-8A3CB00420AA} = {6356446E-D4F5-42DE-BD9A-EC8B2605FEBC}
		{A0822F50-E9D9-4751-A5FF-A69A40DE91B7} = {CC1CA25E-C310-402D-8063-E90E2E7DA758}
		{C4FCAE10-C918-49E8-B37A-F65FB8301688} = {A87604F9-1030-4476-B001-1E502CB636D4}
		{131DD09E-03EA-4650-8731-B295CBF64DB3} = {A87604F9-1030-4476-B001-1E502CB636D4}
		{64BE93B2-653F-4512-8FE8-24E5A9449F06} = {A87604F9-1030-4476-B001-1E502CB636D4}
		{A5BD87A7-1071-436C-B711-A2D975BD519A} = {A87604F9-1030-4476-B001-1E502CB636D4}
		{EC7478CD-F574-4AE3-82F8-73E8B49F99C8} = {A87604F9-1030-4476-B001-1E502CB636D4}
		{09EED26F-39E2-483F-A46B-31486978D475} = {A87604F9-1030-4476-B001-1E502CB636D4}
		{C7D54200-949E-4F0F-B415-9106FDF7F410} = {A87604F9-1030-4476-B001-1E502CB636D4}
		{72541915-1F62-4893-B549-F4E848352E92} = {A83FC0A7-39A7-4D50-80CB-D171367D427A}
		{E6C4B3DA-C7AB-4C92-8DEC-6ABA5BB15351} = {A83FC0A7-39A7-4D50-80CB-D171367D427A}
		{7F926486-17EB-4761-BA0F-8A385AADC0D1} = {A83FC0A7-39A7-4D50-80CB-D171367D427A}
		{A2641F89-1F82-4390-B3D6-A281672A3897} = {A83FC0A7-39A7-4D50-80CB-D171367D427A}
		{12AA96D0-B8C5-455A-82A5-C30F88B63E8F} = {A2641F89-1F82-4390-B3D6-A281672A3897}
		{04EBBD57-DF8E-4C99-8DCA-99633B24CCBE} = {D6B94788-99CE-484D-B39E-1B245DDC6FB0}
	EndGlobalSection
	GlobalSection(ExtensibilityGlobals) = postSolution
		SolutionGuid = {5E51B197-2128-4474-9188-9D62E59CA8EA}
	EndGlobalSection
EndGlobal
